// !$*UTF8*$!
{
	archiveVersion = 1;
	classes = {
	};
	objectVersion = 56;
	objects = {

/* Begin PBXBuildFile section */
		A0C2F0A02B0291B700685DE5 /* Falcon_RideApp.swift in Sources */ = {isa = PBXBuildFile; fileRef = A0C2F09F2B0291B700685DE5 /* Falcon_RideApp.swift */; };
		A0C2F0A22B0291B700685DE5 /* ContentView.swift in Sources */ = {isa = PBXBuildFile; fileRef = A0C2F0A12B0291B700685DE5 /* ContentView.swift */; };
		A0C2F0A42B0291B900685DE5 /* Assets.xcassets in Resources */ = {isa = PBXBuildFile; fileRef = A0C2F0A32B0291B900685DE5 /* Assets.xcassets */; };
		A0C2F0A72B0291B900685DE5 /* Preview Assets.xcassets in Resources */ = {isa = PBXBuildFile; fileRef = A0C2F0A62B0291B900685DE5 /* Preview Assets.xcassets */; };
		A0C2F0B12B0291BA00685DE5 /* Falcon_RideTests.swift in Sources */ = {isa = PBXBuildFile; fileRef = A0C2F0B02B0291BA00685DE5 /* Falcon_RideTests.swift */; };
		A0C2F0BB2B0291BA00685DE5 /* Falcon_RideUITests.swift in Sources */ = {isa = PBXBuildFile; fileRef = A0C2F0BA2B0291BA00685DE5 /* Falcon_RideUITests.swift */; };
		A0C2F0BD2B0291BA00685DE5 /* Falcon_RideUITestsLaunchTests.swift in Sources */ = {isa = PBXBuildFile; fileRef = A0C2F0BC2B0291BA00685DE5 /* Falcon_RideUITestsLaunchTests.swift */; };
/* End PBXBuildFile section */

/* Begin PBXContainerItemProxy section */
		A0C2F0AD2B0291BA00685DE5 /* PBXContainerItemProxy */ = {
			isa = PBXContainerItemProxy;
			containerPortal = A0C2F0942B0291B600685DE5 /* Project object */;
			proxyType = 1;
			remoteGlobalIDString = A0C2F09B2B0291B600685DE5;
			remoteInfo = "Falcon Ride";
		};
		A0C2F0B72B0291BA00685DE5 /* PBXContainerItemProxy */ = {
			isa = PBXContainerItemProxy;
			containerPortal = A0C2F0942B0291B600685DE5 /* Project object */;
			proxyType = 1;
			remoteGlobalIDString = A0C2F09B2B0291B600685DE5;
			remoteInfo = "Falcon Ride";
		};
/* End PBXContainerItemProxy section */

/* Begin PBXFileReference section */
		A0C2F09C2B0291B600685DE5 /* Falcon Ride.app */ = {isa = PBXFileReference; explicitFileType = wrapper.application; includeInIndex = 0; path = "Falcon Ride.app"; sourceTree = BUILT_PRODUCTS_DIR; };
		A0C2F09F2B0291B700685DE5 /* Falcon_RideApp.swift */ = {isa = PBXFileReference; lastKnownFileType = sourcecode.swift; path = Falcon_RideApp.swift; sourceTree = "<group>"; };
		A0C2F0A12B0291B700685DE5 /* ContentView.swift */ = {isa = PBXFileReference; lastKnownFileType = sourcecode.swift; path = ContentView.swift; sourceTree = "<group>"; };
		A0C2F0A32B0291B900685DE5 /* Assets.xcassets */ = {isa = PBXFileReference; lastKnownFileType = folder.assetcatalog; path = Assets.xcassets; sourceTree = "<group>"; };
		A0C2F0A62B0291B900685DE5 /* Preview Assets.xcassets */ = {isa = PBXFileReference; lastKnownFileType = folder.assetcatalog; path = "Preview Assets.xcassets"; sourceTree = "<group>"; };
		A0C2F0AC2B0291BA00685DE5 /* Falcon RideTests.xctest */ = {isa = PBXFileReference; explicitFileType = wrapper.cfbundle; includeInIndex = 0; path = "Falcon RideTests.xctest"; sourceTree = BUILT_PRODUCTS_DIR; };
		A0C2F0B02B0291BA00685DE5 /* Falcon_RideTests.swift */ = {isa = PBXFileReference; lastKnownFileType = sourcecode.swift; path = Falcon_RideTests.swift; sourceTree = "<group>"; };
		A0C2F0B62B0291BA00685DE5 /* Falcon RideUITests.xctest */ = {isa = PBXFileReference; explicitFileType = wrapper.cfbundle; includeInIndex = 0; path = "Falcon RideUITests.xctest"; sourceTree = BUILT_PRODUCTS_DIR; };
		A0C2F0BA2B0291BA00685DE5 /* Falcon_RideUITests.swift */ = {isa = PBXFileReference; lastKnownFileType = sourcecode.swift; path = Falcon_RideUITests.swift; sourceTree = "<group>"; };
		A0C2F0BC2B0291BA00685DE5 /* Falcon_RideUITestsLaunchTests.swift */ = {isa = PBXFileReference; lastKnownFileType = sourcecode.swift; path = Falcon_RideUITestsLaunchTests.swift; sourceTree = "<group>"; };
/* End PBXFileReference section */

/* Begin PBXFrameworksBuildPhase section */
		A0C2F0992B0291B600685DE5 /* Frameworks */ = {
			isa = PBXFrameworksBuildPhase;
			buildActionMask = 2147483647;
			files = (
			);
			runOnlyForDeploymentPostprocessing = 0;
		};
		A0C2F0A92B0291BA00685DE5 /* Frameworks */ = {
			isa = PBXFrameworksBuildPhase;
			buildActionMask = 2147483647;
			files = (
			);
			runOnlyForDeploymentPostprocessing = 0;
		};
		A0C2F0B32B0291BA00685DE5 /* Frameworks */ = {
			isa = PBXFrameworksBuildPhase;
			buildActionMask = 2147483647;
			files = (
			);
			runOnlyForDeploymentPostprocessing = 0;
		};
/* End PBXFrameworksBuildPhase section */

/* Begin PBXGroup section */
		A0C2F0932B0291B600685DE5 = {
			isa = PBXGroup;
			children = (
				A0C2F09E2B0291B600685DE5 /* Falcon Ride */,
				A0C2F0AF2B0291BA00685DE5 /* Falcon RideTests */,
				A0C2F0B92B0291BA00685DE5 /* Falcon RideUITests */,
				A0C2F09D2B0291B600685DE5 /* Products */,
			);
			sourceTree = "<group>";
		};
		A0C2F09D2B0291B600685DE5 /* Products */ = {
			isa = PBXGroup;
			children = (
				A0C2F09C2B0291B600685DE5 /* Falcon Ride.app */,
				A0C2F0AC2B0291BA00685DE5 /* Falcon RideTests.xctest */,
				A0C2F0B62B0291BA00685DE5 /* Falcon RideUITests.xctest */,
			);
			name = Products;
			sourceTree = "<group>";
		};
		A0C2F09E2B0291B600685DE5 /* Falcon Ride */ = {
			isa = PBXGroup;
			children = (
				A0C2F09F2B0291B700685DE5 /* Falcon_RideApp.swift */,
				A0C2F0A12B0291B700685DE5 /* ContentView.swift */,
				A0C2F0A32B0291B900685DE5 /* Assets.xcassets */,
				A0C2F0A52B0291B900685DE5 /* Preview Content */,
			);
			path = "Falcon Ride";
			sourceTree = "<group>";
		};
		A0C2F0A52B0291B900685DE5 /* Preview Content */ = {
			isa = PBXGroup;
			children = (
				A0C2F0A62B0291B900685DE5 /* Preview Assets.xcassets */,
			);
			path = "Preview Content";
			sourceTree = "<group>";
		};
		A0C2F0AF2B0291BA00685DE5 /* Falcon RideTests */ = {
			isa = PBXGroup;
			children = (
				A0C2F0B02B0291BA00685DE5 /* Falcon_RideTests.swift */,
			);
			path = "Falcon RideTests";
			sourceTree = "<group>";
		};
		A0C2F0B92B0291BA00685DE5 /* Falcon RideUITests */ = {
			isa = PBXGroup;
			children = (
				A0C2F0BA2B0291BA00685DE5 /* Falcon_RideUITests.swift */,
				A0C2F0BC2B0291BA00685DE5 /* Falcon_RideUITestsLaunchTests.swift */,
			);
			path = "Falcon RideUITests";
			sourceTree = "<group>";
		};
/* End PBXGroup section */

/* Begin PBXNativeTarget section */
		A0C2F09B2B0291B600685DE5 /* Falcon Ride */ = {
			isa = PBXNativeTarget;
			buildConfigurationList = A0C2F0C02B0291BA00685DE5 /* Build configuration list for PBXNativeTarget "Falcon Ride" */;
			buildPhases = (
				A0C2F0982B0291B600685DE5 /* Sources */,
				A0C2F0992B0291B600685DE5 /* Frameworks */,
				A0C2F09A2B0291B600685DE5 /* Resources */,
			);
			buildRules = (
			);
			dependencies = (
			);
			name = "Falcon Ride";
			productName = "Falcon Ride";
			productReference = A0C2F09C2B0291B600685DE5 /* Falcon Ride.app */;
			productType = "com.apple.product-type.application";
		};
		A0C2F0AB2B0291BA00685DE5 /* Falcon RideTests */ = {
			isa = PBXNativeTarget;
			buildConfigurationList = A0C2F0C32B0291BA00685DE5 /* Build configuration list for PBXNativeTarget "Falcon RideTests" */;
			buildPhases = (
				A0C2F0A82B0291BA00685DE5 /* Sources */,
				A0C2F0A92B0291BA00685DE5 /* Frameworks */,
				A0C2F0AA2B0291BA00685DE5 /* Resources */,
			);
			buildRules = (
			);
			dependencies = (
				A0C2F0AE2B0291BA00685DE5 /* PBXTargetDependency */,
			);
			name = "Falcon RideTests";
			productName = "Falcon RideTests";
			productReference = A0C2F0AC2B0291BA00685DE5 /* Falcon RideTests.xctest */;
			productType = "com.apple.product-type.bundle.unit-test";
		};
		A0C2F0B52B0291BA00685DE5 /* Falcon RideUITests */ = {
			isa = PBXNativeTarget;
			buildConfigurationList = A0C2F0C62B0291BA00685DE5 /* Build configuration list for PBXNativeTarget "Falcon RideUITests" */;
			buildPhases = (
				A0C2F0B22B0291BA00685DE5 /* Sources */,
				A0C2F0B32B0291BA00685DE5 /* Frameworks */,
				A0C2F0B42B0291BA00685DE5 /* Resources */,
			);
			buildRules = (
			);
			dependencies = (
				A0C2F0B82B0291BA00685DE5 /* PBXTargetDependency */,
			);
			name = "Falcon RideUITests";
			productName = "Falcon RideUITests";
			productReference = A0C2F0B62B0291BA00685DE5 /* Falcon RideUITests.xctest */;
			productType = "com.apple.product-type.bundle.ui-testing";
		};
/* End PBXNativeTarget section */

/* Begin PBXProject section */
		A0C2F0942B0291B600685DE5 /* Project object */ = {
			isa = PBXProject;
			attributes = {
				BuildIndependentTargetsInParallel = 1;
				LastSwiftUpdateCheck = 1500;
				LastUpgradeCheck = 1500;
				TargetAttributes = {
					A0C2F09B2B0291B600685DE5 = {
						CreatedOnToolsVersion = 15.0.1;
					};
					A0C2F0AB2B0291BA00685DE5 = {
						CreatedOnToolsVersion = 15.0.1;
						TestTargetID = A0C2F09B2B0291B600685DE5;
					};
					A0C2F0B52B0291BA00685DE5 = {
						CreatedOnToolsVersion = 15.0.1;
						TestTargetID = A0C2F09B2B0291B600685DE5;
					};
				};
			};
			buildConfigurationList = A0C2F0972B0291B600685DE5 /* Build configuration list for PBXProject "Falcon Ride" */;
			compatibilityVersion = "Xcode 14.0";
			developmentRegion = en;
			hasScannedForEncodings = 0;
			knownRegions = (
				en,
				Base,
			);
			mainGroup = A0C2F0932B0291B600685DE5;
			productRefGroup = A0C2F09D2B0291B600685DE5 /* Products */;
			projectDirPath = "";
			projectRoot = "";
			targets = (
				A0C2F09B2B0291B600685DE5 /* Falcon Ride */,
				A0C2F0AB2B0291BA00685DE5 /* Falcon RideTests */,
				A0C2F0B52B0291BA00685DE5 /* Falcon RideUITests */,
			);
		};
/* End PBXProject section */

/* Begin PBXResourcesBuildPhase section */
		A0C2F09A2B0291B600685DE5 /* Resources */ = {
			isa = PBXResourcesBuildPhase;
			buildActionMask = 2147483647;
			files = (
				A0C2F0A72B0291B900685DE5 /* Preview Assets.xcassets in Resources */,
				A0C2F0A42B0291B900685DE5 /* Assets.xcassets in Resources */,
			);
			runOnlyForDeploymentPostprocessing = 0;
		};
		A0C2F0AA2B0291BA00685DE5 /* Resources */ = {
			isa = PBXResourcesBuildPhase;
			buildActionMask = 2147483647;
			files = (
			);
			runOnlyForDeploymentPostprocessing = 0;
		};
		A0C2F0B42B0291BA00685DE5 /* Resources */ = {
			isa = PBXResourcesBuildPhase;
			buildActionMask = 2147483647;
			files = (
			);
			runOnlyForDeploymentPostprocessing = 0;
		};
/* End PBXResourcesBuildPhase section */

/* Begin PBXSourcesBuildPhase section */
		A0C2F0982B0291B600685DE5 /* Sources */ = {
			isa = PBXSourcesBuildPhase;
			buildActionMask = 2147483647;
			files = (
				A0C2F0A22B0291B700685DE5 /* ContentView.swift in Sources */,
				A0C2F0A02B0291B700685DE5 /* Falcon_RideApp.swift in Sources */,
			);
			runOnlyForDeploymentPostprocessing = 0;
		};
		A0C2F0A82B0291BA00685DE5 /* Sources */ = {
			isa = PBXSourcesBuildPhase;
			buildActionMask = 2147483647;
			files = (
				A0C2F0B12B0291BA00685DE5 /* Falcon_RideTests.swift in Sources */,
			);
			runOnlyForDeploymentPostprocessing = 0;
		};
		A0C2F0B22B0291BA00685DE5 /* Sources */ = {
			isa = PBXSourcesBuildPhase;
			buildActionMask = 2147483647;
			files = (
				A0C2F0BB2B0291BA00685DE5 /* Falcon_RideUITests.swift in Sources */,
				A0C2F0BD2B0291BA00685DE5 /* Falcon_RideUITestsLaunchTests.swift in Sources */,
			);
			runOnlyForDeploymentPostprocessing = 0;
		};
/* End PBXSourcesBuildPhase section */

/* Begin PBXTargetDependency section */
		A0C2F0AE2B0291BA00685DE5 /* PBXTargetDependency */ = {
			isa = PBXTargetDependency;
			target = A0C2F09B2B0291B600685DE5 /* Falcon Ride */;
			targetProxy = A0C2F0AD2B0291BA00685DE5 /* PBXContainerItemProxy */;
		};
		A0C2F0B82B0291BA00685DE5 /* PBXTargetDependency */ = {
			isa = PBXTargetDependency;
			target = A0C2F09B2B0291B600685DE5 /* Falcon Ride */;
			targetProxy = A0C2F0B72B0291BA00685DE5 /* PBXContainerItemProxy */;
		};
/* End PBXTargetDependency section */

/* Begin XCBuildConfiguration section */
		A0C2F0BE2B0291BA00685DE5 /* Debug */ = {
			isa = XCBuildConfiguration;
			buildSettings = {
				ALWAYS_SEARCH_USER_PATHS = NO;
				ASSETCATALOG_COMPILER_GENERATE_SWIFT_ASSET_SYMBOL_EXTENSIONS = YES;
				CLANG_ANALYZER_NONNULL = YES;
				CLANG_ANALYZER_NUMBER_OBJECT_CONVERSION = YES_AGGRESSIVE;
				CLANG_CXX_LANGUAGE_STANDARD = "gnu++20";
				CLANG_ENABLE_MODULES = YES;
				CLANG_ENABLE_OBJC_ARC = YES;
				CLANG_ENABLE_OBJC_WEAK = YES;
				CLANG_WARN_BLOCK_CAPTURE_AUTORELEASING = YES;
				CLANG_WARN_BOOL_CONVERSION = YES;
				CLANG_WARN_COMMA = YES;
				CLANG_WARN_CONSTANT_CONVERSION = YES;
				CLANG_WARN_DEPRECATED_OBJC_IMPLEMENTATIONS = YES;
				CLANG_WARN_DIRECT_OBJC_ISA_USAGE = YES_ERROR;
				CLANG_WARN_DOCUMENTATION_COMMENTS = YES;
				CLANG_WARN_EMPTY_BODY = YES;
				CLANG_WARN_ENUM_CONVERSION = YES;
				CLANG_WARN_INFINITE_RECURSION = YES;
				CLANG_WARN_INT_CONVERSION = YES;
				CLANG_WARN_NON_LITERAL_NULL_CONVERSION = YES;
				CLANG_WARN_OBJC_IMPLICIT_RETAIN_SELF = YES;
				CLANG_WARN_OBJC_LITERAL_CONVERSION = YES;
				CLANG_WARN_OBJC_ROOT_CLASS = YES_ERROR;
				CLANG_WARN_QUOTED_INCLUDE_IN_FRAMEWORK_HEADER = YES;
				CLANG_WARN_RANGE_LOOP_ANALYSIS = YES;
				CLANG_WARN_STRICT_PROTOTYPES = YES;
				CLANG_WARN_SUSPICIOUS_MOVE = YES;
				CLANG_WARN_UNGUARDED_AVAILABILITY = YES_AGGRESSIVE;
				CLANG_WARN_UNREACHABLE_CODE = YES;
				CLANG_WARN__DUPLICATE_METHOD_MATCH = YES;
				COPY_PHASE_STRIP = NO;
				DEBUG_INFORMATION_FORMAT = dwarf;
				ENABLE_STRICT_OBJC_MSGSEND = YES;
				ENABLE_TESTABILITY = YES;
				ENABLE_USER_SCRIPT_SANDBOXING = YES;
				GCC_C_LANGUAGE_STANDARD = gnu17;
				GCC_DYNAMIC_NO_PIC = NO;
				GCC_NO_COMMON_BLOCKS = YES;
				GCC_OPTIMIZATION_LEVEL = 0;
				GCC_PREPROCESSOR_DEFINITIONS = (
					"DEBUG=1",
					"$(inherited)",
				);
				GCC_WARN_64_TO_32_BIT_CONVERSION = YES;
				GCC_WARN_ABOUT_RETURN_TYPE = YES_ERROR;
				GCC_WARN_UNDECLARED_SELECTOR = YES;
				GCC_WARN_UNINITIALIZED_AUTOS = YES_AGGRESSIVE;
				GCC_WARN_UNUSED_FUNCTION = YES;
				GCC_WARN_UNUSED_VARIABLE = YES;
				IPHONEOS_DEPLOYMENT_TARGET = 17.0;
				LOCALIZATION_PREFERS_STRING_CATALOGS = YES;
				MTL_ENABLE_DEBUG_INFO = INCLUDE_SOURCE;
				MTL_FAST_MATH = YES;
				ONLY_ACTIVE_ARCH = YES;
				SDKROOT = iphoneos;
				SWIFT_ACTIVE_COMPILATION_CONDITIONS = "DEBUG $(inherited)";
				SWIFT_OPTIMIZATION_LEVEL = "-Onone";
			};
			name = Debug;
		};
		A0C2F0BF2B0291BA00685DE5 /* Release */ = {
			isa = XCBuildConfiguration;
			buildSettings = {
				ALWAYS_SEARCH_USER_PATHS = NO;
				ASSETCATALOG_COMPILER_GENERATE_SWIFT_ASSET_SYMBOL_EXTENSIONS = YES;
				CLANG_ANALYZER_NONNULL = YES;
				CLANG_ANALYZER_NUMBER_OBJECT_CONVERSION = YES_AGGRESSIVE;
				CLANG_CXX_LANGUAGE_STANDARD = "gnu++20";
				CLANG_ENABLE_MODULES = YES;
				CLANG_ENABLE_OBJC_ARC = YES;
				CLANG_ENABLE_OBJC_WEAK = YES;
				CLANG_WARN_BLOCK_CAPTURE_AUTORELEASING = YES;
				CLANG_WARN_BOOL_CONVERSION = YES;
				CLANG_WARN_COMMA = YES;
				CLANG_WARN_CONSTANT_CONVERSION = YES;
				CLANG_WARN_DEPRECATED_OBJC_IMPLEMENTATIONS = YES;
				CLANG_WARN_DIRECT_OBJC_ISA_USAGE = YES_ERROR;
				CLANG_WARN_DOCUMENTATION_COMMENTS = YES;
				CLANG_WARN_EMPTY_BODY = YES;
				CLANG_WARN_ENUM_CONVERSION = YES;
				CLANG_WARN_INFINITE_RECURSION = YES;
				CLANG_WARN_INT_CONVERSION = YES;
				CLANG_WARN_NON_LITERAL_NULL_CONVERSION = YES;
				CLANG_WARN_OBJC_IMPLICIT_RETAIN_SELF = YES;
				CLANG_WARN_OBJC_LITERAL_CONVERSION = YES;
				CLANG_WARN_OBJC_ROOT_CLASS = YES_ERROR;
				CLANG_WARN_QUOTED_INCLUDE_IN_FRAMEWORK_HEADER = YES;
				CLANG_WARN_RANGE_LOOP_ANALYSIS = YES;
				CLANG_WARN_STRICT_PROTOTYPES = YES;
				CLANG_WARN_SUSPICIOUS_MOVE = YES;
				CLANG_WARN_UNGUARDED_AVAILABILITY = YES_AGGRESSIVE;
				CLANG_WARN_UNREACHABLE_CODE = YES;
				CLANG_WARN__DUPLICATE_METHOD_MATCH = YES;
				COPY_PHASE_STRIP = NO;
				DEBUG_INFORMATION_FORMAT = "dwarf-with-dsym";
				ENABLE_NS_ASSERTIONS = NO;
				ENABLE_STRICT_OBJC_MSGSEND = YES;
				ENABLE_USER_SCRIPT_SANDBOXING = YES;
				GCC_C_LANGUAGE_STANDARD = gnu17;
				GCC_NO_COMMON_BLOCKS = YES;
				GCC_WARN_64_TO_32_BIT_CONVERSION = YES;
				GCC_WARN_ABOUT_RETURN_TYPE = YES_ERROR;
				GCC_WARN_UNDECLARED_SELECTOR = YES;
				GCC_WARN_UNINITIALIZED_AUTOS = YES_AGGRESSIVE;
				GCC_WARN_UNUSED_FUNCTION = YES;
				GCC_WARN_UNUSED_VARIABLE = YES;
				IPHONEOS_DEPLOYMENT_TARGET = 17.0;
				LOCALIZATION_PREFERS_STRING_CATALOGS = YES;
				MTL_ENABLE_DEBUG_INFO = NO;
				MTL_FAST_MATH = YES;
				SDKROOT = iphoneos;
				SWIFT_COMPILATION_MODE = wholemodule;
				VALIDATE_PRODUCT = YES;
			};
			name = Release;
		};
		A0C2F0C12B0291BA00685DE5 /* Debug */ = {
			isa = XCBuildConfiguration;
			buildSettings = {
				ASSETCATALOG_COMPILER_APPICON_NAME = AppIcon;
				ASSETCATALOG_COMPILER_GLOBAL_ACCENT_COLOR_NAME = AccentColor;
				CODE_SIGN_STYLE = Automatic;
				CURRENT_PROJECT_VERSION = 1;
				DEVELOPMENT_ASSET_PATHS = "\"Falcon Ride/Preview Content\"";
				DEVELOPMENT_TEAM = 9YFR4MTQA7;
				ENABLE_PREVIEWS = YES;
				GENERATE_INFOPLIST_FILE = YES;
				INFOPLIST_KEY_UIApplicationSceneManifest_Generation = YES;
				INFOPLIST_KEY_UIApplicationSupportsIndirectInputEvents = YES;
				INFOPLIST_KEY_UILaunchScreen_Generation = YES;
				INFOPLIST_KEY_UISupportedInterfaceOrientations_iPad = "UIInterfaceOrientationPortrait UIInterfaceOrientationPortraitUpsideDown UIInterfaceOrientationLandscapeLeft UIInterfaceOrientationLandscapeRight";
				INFOPLIST_KEY_UISupportedInterfaceOrientations_iPhone = "UIInterfaceOrientationPortrait UIInterfaceOrientationLandscapeLeft UIInterfaceOrientationLandscapeRight";
				LD_RUNPATH_SEARCH_PATHS = (
					"$(inherited)",
					"@executable_path/Frameworks",
				);
				MARKETING_VERSION = 1.0;
				PRODUCT_BUNDLE_IDENTIFIER = "com.FalconRide.Falcon-Ride";
				PRODUCT_NAME = "$(TARGET_NAME)";
				SWIFT_EMIT_LOC_STRINGS = YES;
				SWIFT_VERSION = 5.0;
				TARGETED_DEVICE_FAMILY = "1,2";
			};
			name = Debug;
		};
		A0C2F0C22B0291BA00685DE5 /* Release */ = {
			isa = XCBuildConfiguration;
			buildSettings = {
				ASSETCATALOG_COMPILER_APPICON_NAME = AppIcon;
				ASSETCATALOG_COMPILER_GLOBAL_ACCENT_COLOR_NAME = AccentColor;
				CODE_SIGN_STYLE = Automatic;
				CURRENT_PROJECT_VERSION = 1;
				DEVELOPMENT_ASSET_PATHS = "\"Falcon Ride/Preview Content\"";
				DEVELOPMENT_TEAM = 9YFR4MTQA7;
				ENABLE_PREVIEWS = YES;
				GENERATE_INFOPLIST_FILE = YES;
				INFOPLIST_KEY_UIApplicationSceneManifest_Generation = YES;
				INFOPLIST_KEY_UIApplicationSupportsIndirectInputEvents = YES;
				INFOPLIST_KEY_UILaunchScreen_Generation = YES;
				INFOPLIST_KEY_UISupportedInterfaceOrientations_iPad = "UIInterfaceOrientationPortrait UIInterfaceOrientationPortraitUpsideDown UIInterfaceOrientationLandscapeLeft UIInterfaceOrientationLandscapeRight";
				INFOPLIST_KEY_UISupportedInterfaceOrientations_iPhone = "UIInterfaceOrientationPortrait UIInterfaceOrientationLandscapeLeft UIInterfaceOrientationLandscapeRight";
				LD_RUNPATH_SEARCH_PATHS = (
					"$(inherited)",
					"@executable_path/Frameworks",
				);
				MARKETING_VERSION = 1.0;
				PRODUCT_BUNDLE_IDENTIFIER = "com.FalconRide.Falcon-Ride";
				PRODUCT_NAME = "$(TARGET_NAME)";
				SWIFT_EMIT_LOC_STRINGS = YES;
				SWIFT_VERSION = 5.0;
				TARGETED_DEVICE_FAMILY = "1,2";
			};
			name = Release;
		};
		A0C2F0C42B0291BA00685DE5 /* Debug */ = {
			isa = XCBuildConfiguration;
			buildSettings = {
				ALWAYS_EMBED_SWIFT_STANDARD_LIBRARIES = YES;
				BUNDLE_LOADER = "$(TEST_HOST)";
				CODE_SIGN_STYLE = Automatic;
				CURRENT_PROJECT_VERSION = 1;
				DEVELOPMENT_TEAM = 9YFR4MTQA7;
				GENERATE_INFOPLIST_FILE = YES;
				IPHONEOS_DEPLOYMENT_TARGET = 17.0;
				MARKETING_VERSION = 1.0;
				PRODUCT_BUNDLE_IDENTIFIER = "com.FalconRide.Falcon-RideTests";
				PRODUCT_NAME = "$(TARGET_NAME)";
				SWIFT_EMIT_LOC_STRINGS = NO;
				SWIFT_VERSION = 5.0;
				TARGETED_DEVICE_FAMILY = "1,2";
				TEST_HOST = "$(BUILT_PRODUCTS_DIR)/Falcon Ride.app/$(BUNDLE_EXECUTABLE_FOLDER_PATH)/Falcon Ride";
			};
			name = Debug;
		};
		A0C2F0C52B0291BA00685DE5 /* Release */ = {
			isa = XCBuildConfiguration;
			buildSettings = {
				ALWAYS_EMBED_SWIFT_STANDARD_LIBRARIES = YES;
				BUNDLE_LOADER = "$(TEST_HOST)";
				CODE_SIGN_STYLE = Automatic;
				CURRENT_PROJECT_VERSION = 1;
				DEVELOPMENT_TEAM = 9YFR4MTQA7;
				GENERATE_INFOPLIST_FILE = YES;
				IPHONEOS_DEPLOYMENT_TARGET = 17.0;
				MARKETING_VERSION = 1.0;
				PRODUCT_BUNDLE_IDENTIFIER = "com.FalconRide.Falcon-RideTests";
				PRODUCT_NAME = "$(TARGET_NAME)";
				SWIFT_EMIT_LOC_STRINGS = NO;
				SWIFT_VERSION = 5.0;
				TARGETED_DEVICE_FAMILY = "1,2";
				TEST_HOST = "$(BUILT_PRODUCTS_DIR)/Falcon Ride.app/$(BUNDLE_EXECUTABLE_FOLDER_PATH)/Falcon Ride";
			};
			name = Release;
		};
		A0C2F0C72B0291BA00685DE5 /* Debug */ = {
			isa = XCBuildConfiguration;
			buildSettings = {
				ALWAYS_EMBED_SWIFT_STANDARD_LIBRARIES = YES;
				CODE_SIGN_STYLE = Automatic;
				CURRENT_PROJECT_VERSION = 1;
				DEVELOPMENT_TEAM = 9YFR4MTQA7;
				GENERATE_INFOPLIST_FILE = YES;
				MARKETING_VERSION = 1.0;
				PRODUCT_BUNDLE_IDENTIFIER = "com.FalconRide.Falcon-RideUITests";
				PRODUCT_NAME = "$(TARGET_NAME)";
				SWIFT_EMIT_LOC_STRINGS = NO;
				SWIFT_VERSION = 5.0;
				TARGETED_DEVICE_FAMILY = "1,2";
				TEST_TARGET_NAME = "Falcon Ride";
			};
			name = Debug;
		};
		A0C2F0C82B0291BA00685DE5 /* Release */ = {
			isa = XCBuildConfiguration;
			buildSettings = {
				ALWAYS_EMBED_SWIFT_STANDARD_LIBRARIES = YES;
				CODE_SIGN_STYLE = Automatic;
				CURRENT_PROJECT_VERSION = 1;
				DEVELOPMENT_TEAM = 9YFR4MTQA7;
				GENERATE_INFOPLIST_FILE = YES;
				MARKETING_VERSION = 1.0;
				PRODUCT_BUNDLE_IDENTIFIER = "com.FalconRide.Falcon-RideUITests";
				PRODUCT_NAME = "$(TARGET_NAME)";
				SWIFT_EMIT_LOC_STRINGS = NO;
				SWIFT_VERSION = 5.0;
				TARGETED_DEVICE_FAMILY = "1,2";
				TEST_TARGET_NAME = "Falcon Ride";
			};
			name = Release;
		};
/* End XCBuildConfiguration section */

/* Begin XCConfigurationList section */
		A0C2F0972B0291B600685DE5 /* Build configuration list for PBXProject "Falcon Ride" */ = {
			isa = XCConfigurationList;
			buildConfigurations = (
				A0C2F0BE2B0291BA00685DE5 /* Debug */,
				A0C2F0BF2B0291BA00685DE5 /* Release */,
			);
			defaultConfigurationIsVisible = 0;
			defaultConfigurationName = Release;
		};
		A0C2F0C02B0291BA00685DE5 /* Build configuration list for PBXNativeTarget "Falcon Ride" */ = {
			isa = XCConfigurationList;
			buildConfigurations = (
				A0C2F0C12B0291BA00685DE5 /* Debug */,
				A0C2F0C22B0291BA00685DE5 /* Release */,
			);
			defaultConfigurationIsVisible = 0;
			defaultConfigurationName = Release;
		};
		A0C2F0C32B0291BA00685DE5 /* Build configuration list for PBXNativeTarget "Falcon RideTests" */ = {
			isa = XCConfigurationList;
			buildConfigurations = (
				A0C2F0C42B0291BA00685DE5 /* Debug */,
				A0C2F0C52B0291BA00685DE5 /* Release */,
			);
			defaultConfigurationIsVisible = 0;
			defaultConfigurationName = Release;
		};
		A0C2F0C62B0291BA00685DE5 /* Build configuration list for PBXNativeTarget "Falcon RideUITests" */ = {
			isa = XCConfigurationList;
			buildConfigurations = (
				A0C2F0C72B0291BA00685DE5 /* Debug */,
				A0C2F0C82B0291BA00685DE5 /* Release */,
			);
			defaultConfigurationIsVisible = 0;
			defaultConfigurationName = Release;
		};
/* End XCConfigurationList section */
	};
	rootObject = A0C2F0942B0291B600685DE5 /* Project object */;
}
