// !$*UTF8*$!
{
	archiveVersion = 1;
	classes = {
	};
	objectVersion = 56;
	objects = {

/* Begin PBXBuildFile section */
		A01666582B05283700C73157 /* TabController.swift in Sources */ = {isa = PBXBuildFile; fileRef = A01666572B05283700C73157 /* TabController.swift */; };
		A01D50032B03E38700535DF1 /* Reserve.swift in Sources */ = {isa = PBXBuildFile; fileRef = A01D50022B03E38700535DF1 /* Reserve.swift */; };
		A01D50052B0495B400535DF1 /* Request.swift in Sources */ = {isa = PBXBuildFile; fileRef = A01D50042B0495B400535DF1 /* Request.swift */; };
		A01D50072B0496F400535DF1 /* MyProfile.swift in Sources */ = {isa = PBXBuildFile; fileRef = A01D50062B0496F400535DF1 /* MyProfile.swift */; };
		A01D50092B0499C700535DF1 /* Add.swift in Sources */ = {isa = PBXBuildFile; fileRef = A01D50082B0499C700535DF1 /* Add.swift */; };
		A01D500B2B0499EB00535DF1 /* AddRequest.swift in Sources */ = {isa = PBXBuildFile; fileRef = A01D500A2B0499EB00535DF1 /* AddRequest.swift */; };
		A01D500D2B049D2E00535DF1 /* OtherUserProfile.swift in Sources */ = {isa = PBXBuildFile; fileRef = A01D500C2B049D2E00535DF1 /* OtherUserProfile.swift */; };
		A04D44482B06A10900B39A68 /* SplashView.swift in Sources */ = {isa = PBXBuildFile; fileRef = A04D44472B06A10900B39A68 /* SplashView.swift */; };
		A0687AA02B07E44200A68BB8 /* SignUp.swift in Sources */ = {isa = PBXBuildFile; fileRef = A0687A9F2B07E44200A68BB8 /* SignUp.swift */; };
		A0687AA22B07FE7100A68BB8 /* Settings.swift in Sources */ = {isa = PBXBuildFile; fileRef = A0687AA12B07FE7100A68BB8 /* Settings.swift */; };
		A06F21C92B1A479F00862C06 /* Login.swift in Sources */ = {isa = PBXBuildFile; fileRef = A06F21C82B1A479F00862C06 /* Login.swift */; };
		A06F21CB2B1A47B800862C06 /* RideInfo.swift in Sources */ = {isa = PBXBuildFile; fileRef = A06F21CA2B1A47B800862C06 /* RideInfo.swift */; };
		A06F21CD2B1A4A3E00862C06 /* test.swift in Sources */ = {isa = PBXBuildFile; fileRef = A06F21CC2B1A4A3E00862C06 /* test.swift */; };
		A075E6252B0A44130025E928 /* DataHandler.swift in Sources */ = {isa = PBXBuildFile; fileRef = A075E6242B0A44130025E928 /* DataHandler.swift */; };
		A075E6272B0A70DC0025E928 /* ParentView.swift in Sources */ = {isa = PBXBuildFile; fileRef = A075E6262B0A70DC0025E928 /* ParentView.swift */; };
		A0A7F84A2B102B73004CE458 /* EditReserve.swift in Sources */ = {isa = PBXBuildFile; fileRef = A0A7F8492B102B73004CE458 /* EditReserve.swift */; };
		A0A7F84D2B106255004CE458 /* Activity.swift in Sources */ = {isa = PBXBuildFile; fileRef = A0A7F84C2B106255004CE458 /* Activity.swift */; };
		A0C2F0A02B0291B700685DE5 /* Falcon_RideApp.swift in Sources */ = {isa = PBXBuildFile; fileRef = A0C2F09F2B0291B700685DE5 /* Falcon_RideApp.swift */; };
		A0C2F0A22B0291B700685DE5 /* ContentView.swift in Sources */ = {isa = PBXBuildFile; fileRef = A0C2F0A12B0291B700685DE5 /* ContentView.swift */; };
		A0C2F0A42B0291B900685DE5 /* Assets.xcassets in Resources */ = {isa = PBXBuildFile; fileRef = A0C2F0A32B0291B900685DE5 /* Assets.xcassets */; };
		A0C2F0A72B0291B900685DE5 /* Preview Assets.xcassets in Resources */ = {isa = PBXBuildFile; fileRef = A0C2F0A62B0291B900685DE5 /* Preview Assets.xcassets */; };
		A0C2F0B12B0291BA00685DE5 /* Falcon_RideTests.swift in Sources */ = {isa = PBXBuildFile; fileRef = A0C2F0B02B0291BA00685DE5 /* Falcon_RideTests.swift */; };
		A0C2F0BB2B0291BA00685DE5 /* Falcon_RideUITests.swift in Sources */ = {isa = PBXBuildFile; fileRef = A0C2F0BA2B0291BA00685DE5 /* Falcon_RideUITests.swift */; };
		A0C2F0BD2B0291BA00685DE5 /* Falcon_RideUITestsLaunchTests.swift in Sources */ = {isa = PBXBuildFile; fileRef = A0C2F0BC2B0291BA00685DE5 /* Falcon_RideUITestsLaunchTests.swift */; };
		A0F0CF122B153224009B90F1 /* EditRequest.swift in Sources */ = {isa = PBXBuildFile; fileRef = A0F0CF112B153224009B90F1 /* EditRequest.swift */; };
		A0F0CF142B1539EC009B90F1 /* ActivityInfo.swift in Sources */ = {isa = PBXBuildFile; fileRef = A0F0CF132B1539EC009B90F1 /* ActivityInfo.swift */; };
		A0FC6F432B096C7400E6085A /* GoogleService-Info.plist in Resources */ = {isa = PBXBuildFile; fileRef = A0FC6F422B096C7300E6085A /* GoogleService-Info.plist */; };
		A0FC6F442B096C7400E6085A /* GoogleService-Info.plist in Resources */ = {isa = PBXBuildFile; fileRef = A0FC6F422B096C7300E6085A /* GoogleService-Info.plist */; };
		A0FC6F452B096C7400E6085A /* GoogleService-Info.plist in Resources */ = {isa = PBXBuildFile; fileRef = A0FC6F422B096C7300E6085A /* GoogleService-Info.plist */; };
		A0FC6F482B096E6500E6085A /* FirebaseAnalytics in Frameworks */ = {isa = PBXBuildFile; productRef = A0FC6F472B096E6500E6085A /* FirebaseAnalytics */; };
		A0FC6F4A2B096E6600E6085A /* FirebaseAnalyticsOnDeviceConversion in Frameworks */ = {isa = PBXBuildFile; productRef = A0FC6F492B096E6600E6085A /* FirebaseAnalyticsOnDeviceConversion */; };
		A0FC6F4C2B096E6600E6085A /* FirebaseAnalyticsSwift in Frameworks */ = {isa = PBXBuildFile; productRef = A0FC6F4B2B096E6600E6085A /* FirebaseAnalyticsSwift */; };
		A0FC6F4E2B096E6600E6085A /* FirebaseAnalyticsWithoutAdIdSupport in Frameworks */ = {isa = PBXBuildFile; productRef = A0FC6F4D2B096E6600E6085A /* FirebaseAnalyticsWithoutAdIdSupport */; };
		A0FC6F502B096E6600E6085A /* FirebaseAppCheck in Frameworks */ = {isa = PBXBuildFile; productRef = A0FC6F4F2B096E6600E6085A /* FirebaseAppCheck */; };
		A0FC6F532B098C6000E6085A /* FirebaseAppDistribution-Beta in Frameworks */ = {isa = PBXBuildFile; productRef = A0FC6F522B098C6000E6085A /* FirebaseAppDistribution-Beta */; };
		A0FC6F552B098C6000E6085A /* FirebaseAuth in Frameworks */ = {isa = PBXBuildFile; productRef = A0FC6F542B098C6000E6085A /* FirebaseAuth */; };
		A0FC6F572B098C6000E6085A /* FirebaseAuthCombine-Community in Frameworks */ = {isa = PBXBuildFile; productRef = A0FC6F562B098C6000E6085A /* FirebaseAuthCombine-Community */; };
		A0FC6F592B098C6100E6085A /* FirebaseCrashlytics in Frameworks */ = {isa = PBXBuildFile; productRef = A0FC6F582B098C6100E6085A /* FirebaseCrashlytics */; };
		A0FC6F5B2B098C6100E6085A /* FirebaseDatabase in Frameworks */ = {isa = PBXBuildFile; productRef = A0FC6F5A2B098C6100E6085A /* FirebaseDatabase */; };
		A0FC6F5D2B098C6100E6085A /* FirebaseDatabaseSwift in Frameworks */ = {isa = PBXBuildFile; productRef = A0FC6F5C2B098C6100E6085A /* FirebaseDatabaseSwift */; };
		A0FC6F5F2B098C6100E6085A /* FirebaseDynamicLinks in Frameworks */ = {isa = PBXBuildFile; productRef = A0FC6F5E2B098C6100E6085A /* FirebaseDynamicLinks */; };
		A0FC6F612B098C6100E6085A /* FirebaseFirestore in Frameworks */ = {isa = PBXBuildFile; productRef = A0FC6F602B098C6100E6085A /* FirebaseFirestore */; };
		A0FC6F632B098C6100E6085A /* FirebaseFirestoreCombine-Community in Frameworks */ = {isa = PBXBuildFile; productRef = A0FC6F622B098C6100E6085A /* FirebaseFirestoreCombine-Community */; };
		A0FC6F652B098C6100E6085A /* FirebaseFirestoreSwift in Frameworks */ = {isa = PBXBuildFile; productRef = A0FC6F642B098C6100E6085A /* FirebaseFirestoreSwift */; };
		A0FC6F672B098C6100E6085A /* FirebaseFunctions in Frameworks */ = {isa = PBXBuildFile; productRef = A0FC6F662B098C6100E6085A /* FirebaseFunctions */; };
		A0FC6F692B098C6100E6085A /* FirebaseFunctionsCombine-Community in Frameworks */ = {isa = PBXBuildFile; productRef = A0FC6F682B098C6100E6085A /* FirebaseFunctionsCombine-Community */; };
		A0FC6F6B2B098C6100E6085A /* FirebaseInAppMessaging-Beta in Frameworks */ = {isa = PBXBuildFile; productRef = A0FC6F6A2B098C6100E6085A /* FirebaseInAppMessaging-Beta */; };
		A0FC6F6D2B098C6100E6085A /* FirebaseInAppMessagingSwift-Beta in Frameworks */ = {isa = PBXBuildFile; productRef = A0FC6F6C2B098C6100E6085A /* FirebaseInAppMessagingSwift-Beta */; };
		A0FC6F6F2B098C6100E6085A /* FirebaseInstallations in Frameworks */ = {isa = PBXBuildFile; productRef = A0FC6F6E2B098C6100E6085A /* FirebaseInstallations */; };
		A0FC6F712B098C6100E6085A /* FirebaseMessaging in Frameworks */ = {isa = PBXBuildFile; productRef = A0FC6F702B098C6100E6085A /* FirebaseMessaging */; };
		A0FC6F732B098C6100E6085A /* FirebaseMLModelDownloader in Frameworks */ = {isa = PBXBuildFile; productRef = A0FC6F722B098C6100E6085A /* FirebaseMLModelDownloader */; };
		A0FC6F752B098C6100E6085A /* FirebasePerformance in Frameworks */ = {isa = PBXBuildFile; productRef = A0FC6F742B098C6100E6085A /* FirebasePerformance */; };
		A0FC6F772B098C6100E6085A /* FirebaseRemoteConfig in Frameworks */ = {isa = PBXBuildFile; productRef = A0FC6F762B098C6100E6085A /* FirebaseRemoteConfig */; };
		A0FC6F792B098C6100E6085A /* FirebaseRemoteConfigSwift in Frameworks */ = {isa = PBXBuildFile; productRef = A0FC6F782B098C6100E6085A /* FirebaseRemoteConfigSwift */; };
		A0FC6F7B2B098C6100E6085A /* FirebaseStorage in Frameworks */ = {isa = PBXBuildFile; productRef = A0FC6F7A2B098C6100E6085A /* FirebaseStorage */; };
		A0FC6F7D2B098C6100E6085A /* FirebaseStorageCombine-Community in Frameworks */ = {isa = PBXBuildFile; productRef = A0FC6F7C2B098C6100E6085A /* FirebaseStorageCombine-Community */; };
/* End PBXBuildFile section */

/* Begin PBXContainerItemProxy section */
		A0C2F0AD2B0291BA00685DE5 /* PBXContainerItemProxy */ = {
			isa = PBXContainerItemProxy;
			containerPortal = A0C2F0942B0291B600685DE5 /* Project object */;
			proxyType = 1;
			remoteGlobalIDString = A0C2F09B2B0291B600685DE5;
			remoteInfo = "Falcon Ride";
		};
		A0C2F0B72B0291BA00685DE5 /* PBXContainerItemProxy */ = {
			isa = PBXContainerItemProxy;
			containerPortal = A0C2F0942B0291B600685DE5 /* Project object */;
			proxyType = 1;
			remoteGlobalIDString = A0C2F09B2B0291B600685DE5;
			remoteInfo = "Falcon Ride";
		};
/* End PBXContainerItemProxy section */

/* Begin PBXFileReference section */
		A01666572B05283700C73157 /* TabController.swift */ = {isa = PBXFileReference; lastKnownFileType = sourcecode.swift; path = TabController.swift; sourceTree = "<group>"; };
		A01D50022B03E38700535DF1 /* Reserve.swift */ = {isa = PBXFileReference; lastKnownFileType = sourcecode.swift; path = Reserve.swift; sourceTree = "<group>"; };
		A01D50042B0495B400535DF1 /* Request.swift */ = {isa = PBXFileReference; lastKnownFileType = sourcecode.swift; path = Request.swift; sourceTree = "<group>"; };
		A01D50062B0496F400535DF1 /* MyProfile.swift */ = {isa = PBXFileReference; lastKnownFileType = sourcecode.swift; path = MyProfile.swift; sourceTree = "<group>"; };
		A01D50082B0499C700535DF1 /* Add.swift */ = {isa = PBXFileReference; lastKnownFileType = sourcecode.swift; path = Add.swift; sourceTree = "<group>"; };
		A01D500A2B0499EB00535DF1 /* AddRequest.swift */ = {isa = PBXFileReference; lastKnownFileType = sourcecode.swift; path = AddRequest.swift; sourceTree = "<group>"; };
		A01D500C2B049D2E00535DF1 /* OtherUserProfile.swift */ = {isa = PBXFileReference; lastKnownFileType = sourcecode.swift; path = OtherUserProfile.swift; sourceTree = "<group>"; };
		A027198A2B16DE8A002B63F8 /* Falcon RideRelease.entitlements */ = {isa = PBXFileReference; lastKnownFileType = text.plist.entitlements; path = "Falcon RideRelease.entitlements"; sourceTree = "<group>"; };
		A027198D2B17418B002B63F8 /* Falcon Ride.entitlements */ = {isa = PBXFileReference; lastKnownFileType = text.plist.entitlements; path = "Falcon Ride.entitlements"; sourceTree = "<group>"; };
		A04D44472B06A10900B39A68 /* SplashView.swift */ = {isa = PBXFileReference; lastKnownFileType = sourcecode.swift; path = SplashView.swift; sourceTree = "<group>"; };
		A0687A9F2B07E44200A68BB8 /* SignUp.swift */ = {isa = PBXFileReference; lastKnownFileType = sourcecode.swift; path = SignUp.swift; sourceTree = "<group>"; };
		A0687AA12B07FE7100A68BB8 /* Settings.swift */ = {isa = PBXFileReference; lastKnownFileType = sourcecode.swift; path = Settings.swift; sourceTree = "<group>"; };
		A06F21C82B1A479F00862C06 /* Login.swift */ = {isa = PBXFileReference; fileEncoding = 4; lastKnownFileType = sourcecode.swift; path = Login.swift; sourceTree = "<group>"; };
		A06F21CA2B1A47B800862C06 /* RideInfo.swift */ = {isa = PBXFileReference; fileEncoding = 4; lastKnownFileType = sourcecode.swift; path = RideInfo.swift; sourceTree = "<group>"; };
		A06F21CC2B1A4A3E00862C06 /* test.swift */ = {isa = PBXFileReference; lastKnownFileType = sourcecode.swift; path = test.swift; sourceTree = "<group>"; };
		A075E6242B0A44130025E928 /* DataHandler.swift */ = {isa = PBXFileReference; lastKnownFileType = sourcecode.swift; path = DataHandler.swift; sourceTree = "<group>"; };
		A075E6262B0A70DC0025E928 /* ParentView.swift */ = {isa = PBXFileReference; lastKnownFileType = sourcecode.swift; path = ParentView.swift; sourceTree = "<group>"; };
		A0A7F8492B102B73004CE458 /* EditReserve.swift */ = {isa = PBXFileReference; lastKnownFileType = sourcecode.swift; path = EditReserve.swift; sourceTree = "<group>"; };
		A0A7F84C2B106255004CE458 /* Activity.swift */ = {isa = PBXFileReference; lastKnownFileType = sourcecode.swift; path = Activity.swift; sourceTree = "<group>"; };
		A0C2F09C2B0291B600685DE5 /* Falcon Ride.app */ = {isa = PBXFileReference; explicitFileType = wrapper.application; includeInIndex = 0; path = "Falcon Ride.app"; sourceTree = BUILT_PRODUCTS_DIR; };
		A0C2F09F2B0291B700685DE5 /* Falcon_RideApp.swift */ = {isa = PBXFileReference; lastKnownFileType = sourcecode.swift; path = Falcon_RideApp.swift; sourceTree = "<group>"; };
		A0C2F0A12B0291B700685DE5 /* ContentView.swift */ = {isa = PBXFileReference; lastKnownFileType = sourcecode.swift; path = ContentView.swift; sourceTree = "<group>"; };
		A0C2F0A32B0291B900685DE5 /* Assets.xcassets */ = {isa = PBXFileReference; lastKnownFileType = folder.assetcatalog; path = Assets.xcassets; sourceTree = "<group>"; };
		A0C2F0A62B0291B900685DE5 /* Preview Assets.xcassets */ = {isa = PBXFileReference; lastKnownFileType = folder.assetcatalog; path = "Preview Assets.xcassets"; sourceTree = "<group>"; };
		A0C2F0AC2B0291BA00685DE5 /* Falcon RideTests.xctest */ = {isa = PBXFileReference; explicitFileType = wrapper.cfbundle; includeInIndex = 0; path = "Falcon RideTests.xctest"; sourceTree = BUILT_PRODUCTS_DIR; };
		A0C2F0B02B0291BA00685DE5 /* Falcon_RideTests.swift */ = {isa = PBXFileReference; lastKnownFileType = sourcecode.swift; path = Falcon_RideTests.swift; sourceTree = "<group>"; };
		A0C2F0B62B0291BA00685DE5 /* Falcon RideUITests.xctest */ = {isa = PBXFileReference; explicitFileType = wrapper.cfbundle; includeInIndex = 0; path = "Falcon RideUITests.xctest"; sourceTree = BUILT_PRODUCTS_DIR; };
		A0C2F0BA2B0291BA00685DE5 /* Falcon_RideUITests.swift */ = {isa = PBXFileReference; lastKnownFileType = sourcecode.swift; path = Falcon_RideUITests.swift; sourceTree = "<group>"; };
		A0C2F0BC2B0291BA00685DE5 /* Falcon_RideUITestsLaunchTests.swift */ = {isa = PBXFileReference; lastKnownFileType = sourcecode.swift; path = Falcon_RideUITestsLaunchTests.swift; sourceTree = "<group>"; };
		A0F0CF112B153224009B90F1 /* EditRequest.swift */ = {isa = PBXFileReference; lastKnownFileType = sourcecode.swift; path = EditRequest.swift; sourceTree = "<group>"; };
		A0F0CF132B1539EC009B90F1 /* ActivityInfo.swift */ = {isa = PBXFileReference; lastKnownFileType = sourcecode.swift; path = ActivityInfo.swift; sourceTree = "<group>"; };
		A0FC6F422B096C7300E6085A /* GoogleService-Info.plist */ = {isa = PBXFileReference; fileEncoding = 4; lastKnownFileType = text.plist.xml; path = "GoogleService-Info.plist"; sourceTree = "<group>"; };
/* End PBXFileReference section */

/* Begin PBXFrameworksBuildPhase section */
		A0C2F0992B0291B600685DE5 /* Frameworks */ = {
			isa = PBXFrameworksBuildPhase;
			buildActionMask = 2147483647;
			files = (
				A0FC6F5B2B098C6100E6085A /* FirebaseDatabase in Frameworks */,
				A0FC6F692B098C6100E6085A /* FirebaseFunctionsCombine-Community in Frameworks */,
				A0FC6F612B098C6100E6085A /* FirebaseFirestore in Frameworks */,
				A0FC6F4C2B096E6600E6085A /* FirebaseAnalyticsSwift in Frameworks */,
				A0FC6F482B096E6500E6085A /* FirebaseAnalytics in Frameworks */,
				A0FC6F4A2B096E6600E6085A /* FirebaseAnalyticsOnDeviceConversion in Frameworks */,
				A0FC6F652B098C6100E6085A /* FirebaseFirestoreSwift in Frameworks */,
				A0FC6F732B098C6100E6085A /* FirebaseMLModelDownloader in Frameworks */,
				A0FC6F502B096E6600E6085A /* FirebaseAppCheck in Frameworks */,
				A0FC6F4E2B096E6600E6085A /* FirebaseAnalyticsWithoutAdIdSupport in Frameworks */,
				A0FC6F712B098C6100E6085A /* FirebaseMessaging in Frameworks */,
				A0FC6F552B098C6000E6085A /* FirebaseAuth in Frameworks */,
				A0FC6F792B098C6100E6085A /* FirebaseRemoteConfigSwift in Frameworks */,
				A0FC6F592B098C6100E6085A /* FirebaseCrashlytics in Frameworks */,
				A0FC6F6B2B098C6100E6085A /* FirebaseInAppMessaging-Beta in Frameworks */,
				A0FC6F5D2B098C6100E6085A /* FirebaseDatabaseSwift in Frameworks */,
				A0FC6F7D2B098C6100E6085A /* FirebaseStorageCombine-Community in Frameworks */,
				A0FC6F772B098C6100E6085A /* FirebaseRemoteConfig in Frameworks */,
				A0FC6F672B098C6100E6085A /* FirebaseFunctions in Frameworks */,
				A0FC6F532B098C6000E6085A /* FirebaseAppDistribution-Beta in Frameworks */,
				A0FC6F752B098C6100E6085A /* FirebasePerformance in Frameworks */,
				A0FC6F572B098C6000E6085A /* FirebaseAuthCombine-Community in Frameworks */,
				A0FC6F7B2B098C6100E6085A /* FirebaseStorage in Frameworks */,
				A0FC6F6D2B098C6100E6085A /* FirebaseInAppMessagingSwift-Beta in Frameworks */,
				A0FC6F5F2B098C6100E6085A /* FirebaseDynamicLinks in Frameworks */,
				A0FC6F632B098C6100E6085A /* FirebaseFirestoreCombine-Community in Frameworks */,
				A0FC6F6F2B098C6100E6085A /* FirebaseInstallations in Frameworks */,
			);
			runOnlyForDeploymentPostprocessing = 0;
		};
		A0C2F0A92B0291BA00685DE5 /* Frameworks */ = {
			isa = PBXFrameworksBuildPhase;
			buildActionMask = 2147483647;
			files = (
			);
			runOnlyForDeploymentPostprocessing = 0;
		};
		A0C2F0B32B0291BA00685DE5 /* Frameworks */ = {
			isa = PBXFrameworksBuildPhase;
			buildActionMask = 2147483647;
			files = (
			);
			runOnlyForDeploymentPostprocessing = 0;
		};
/* End PBXFrameworksBuildPhase section */

/* Begin PBXGroup section */
		A075E6232B0A43DE0025E928 /* DataHandler */ = {
			isa = PBXGroup;
			children = (
				A075E6242B0A44130025E928 /* DataHandler.swift */,
				A06F21CA2B1A47B800862C06 /* RideInfo.swift */,
			);
			path = DataHandler;
			sourceTree = "<group>";
		};
		A0A7F84B2B106220004CE458 /* Activity */ = {
			isa = PBXGroup;
			children = (
				A0A7F84C2B106255004CE458 /* Activity.swift */,
				A0F0CF132B1539EC009B90F1 /* ActivityInfo.swift */,
			);
			path = Activity;
			sourceTree = "<group>";
		};
		A0C2F0932B0291B600685DE5 = {
			isa = PBXGroup;
			children = (
				A0C2F09E2B0291B600685DE5 /* Falcon Ride */,
				A0C2F0AF2B0291BA00685DE5 /* Falcon RideTests */,
				A0C2F0B92B0291BA00685DE5 /* Falcon RideUITests */,
				A0C2F09D2B0291B600685DE5 /* Products */,
				A0FC6F512B098C6000E6085A /* Frameworks */,
			);
			sourceTree = "<group>";
		};
		A0C2F09D2B0291B600685DE5 /* Products */ = {
			isa = PBXGroup;
			children = (
				A0C2F09C2B0291B600685DE5 /* Falcon Ride.app */,
				A0C2F0AC2B0291BA00685DE5 /* Falcon RideTests.xctest */,
				A0C2F0B62B0291BA00685DE5 /* Falcon RideUITests.xctest */,
			);
			name = Products;
			sourceTree = "<group>";
		};
		A0C2F09E2B0291B600685DE5 /* Falcon Ride */ = {
			isa = PBXGroup;
			children = (
				A027198D2B17418B002B63F8 /* Falcon Ride.entitlements */,
				A027198A2B16DE8A002B63F8 /* Falcon RideRelease.entitlements */,
				A0FC6F422B096C7300E6085A /* GoogleService-Info.plist */,
				A0C2F09F2B0291B700685DE5 /* Falcon_RideApp.swift */,
				A0C2F0A12B0291B700685DE5 /* ContentView.swift */,
				A01666572B05283700C73157 /* TabController.swift */,
				A04D44472B06A10900B39A68 /* SplashView.swift */,
				A075E6232B0A43DE0025E928 /* DataHandler */,
				A0C2F0C92B0294C500685DE5 /* Login */,
				A0C2F0CB2B02952B00685DE5 /* Reserve */,
				A0C2F0CC2B02954A00685DE5 /* Request */,
				A0C2F0CD2B02955300685DE5 /* Profile */,
				A0A7F84B2B106220004CE458 /* Activity */,
				A0E78FE32B074BC200A0678F /* Settings */,
				A0C2F0CE2B02992A00685DE5 /* Edit Post */,
				A0C2F0A32B0291B900685DE5 /* Assets.xcassets */,
				A0C2F0A52B0291B900685DE5 /* Preview Content */,
			);
			path = "Falcon Ride";
			sourceTree = "<group>";
		};
		A0C2F0A52B0291B900685DE5 /* Preview Content */ = {
			isa = PBXGroup;
			children = (
				A0C2F0A62B0291B900685DE5 /* Preview Assets.xcassets */,
			);
			path = "Preview Content";
			sourceTree = "<group>";
		};
		A0C2F0AF2B0291BA00685DE5 /* Falcon RideTests */ = {
			isa = PBXGroup;
			children = (
				A0C2F0B02B0291BA00685DE5 /* Falcon_RideTests.swift */,
			);
			path = "Falcon RideTests";
			sourceTree = "<group>";
		};
		A0C2F0B92B0291BA00685DE5 /* Falcon RideUITests */ = {
			isa = PBXGroup;
			children = (
				A0C2F0BA2B0291BA00685DE5 /* Falcon_RideUITests.swift */,
				A0C2F0BC2B0291BA00685DE5 /* Falcon_RideUITestsLaunchTests.swift */,
			);
			path = "Falcon RideUITests";
			sourceTree = "<group>";
		};
		A0C2F0C92B0294C500685DE5 /* Login */ = {
			isa = PBXGroup;
			children = (
				A06F21C82B1A479F00862C06 /* Login.swift */,
				A0687A9F2B07E44200A68BB8 /* SignUp.swift */,
				A075E6262B0A70DC0025E928 /* ParentView.swift */,
			);
			path = Login;
			sourceTree = "<group>";
		};
		A0C2F0CB2B02952B00685DE5 /* Reserve */ = {
			isa = PBXGroup;
			children = (
				A01D50022B03E38700535DF1 /* Reserve.swift */,
				A01D50082B0499C700535DF1 /* Add.swift */,
			);
			path = Reserve;
			sourceTree = "<group>";
		};
		A0C2F0CC2B02954A00685DE5 /* Request */ = {
			isa = PBXGroup;
			children = (
				A01D50042B0495B400535DF1 /* Request.swift */,
				A01D500A2B0499EB00535DF1 /* AddRequest.swift */,
			);
			path = Request;
			sourceTree = "<group>";
		};
		A0C2F0CD2B02955300685DE5 /* Profile */ = {
			isa = PBXGroup;
			children = (
				A01D50062B0496F400535DF1 /* MyProfile.swift */,
				A01D500C2B049D2E00535DF1 /* OtherUserProfile.swift */,
			);
			path = Profile;
			sourceTree = "<group>";
		};
		A0C2F0CE2B02992A00685DE5 /* Edit Post */ = {
			isa = PBXGroup;
			children = (
				A0A7F8492B102B73004CE458 /* EditReserve.swift */,
				A0F0CF112B153224009B90F1 /* EditRequest.swift */,
			);
			name = "Edit Post";
			path = Profile;
			sourceTree = "<group>";
		};
		A0E78FE32B074BC200A0678F /* Settings */ = {
			isa = PBXGroup;
			children = (
				A0687AA12B07FE7100A68BB8 /* Settings.swift */,
				A06F21CC2B1A4A3E00862C06 /* test.swift */,
			);
			path = Settings;
			sourceTree = "<group>";
		};
		A0FC6F512B098C6000E6085A /* Frameworks */ = {
			isa = PBXGroup;
			children = (
			);
			name = Frameworks;
			sourceTree = "<group>";
		};
/* End PBXGroup section */

/* Begin PBXNativeTarget section */
		A0C2F09B2B0291B600685DE5 /* Falcon Ride */ = {
			isa = PBXNativeTarget;
			buildConfigurationList = A0C2F0C02B0291BA00685DE5 /* Build configuration list for PBXNativeTarget "Falcon Ride" */;
			buildPhases = (
				A0C2F0982B0291B600685DE5 /* Sources */,
				A0C2F0992B0291B600685DE5 /* Frameworks */,
				A0C2F09A2B0291B600685DE5 /* Resources */,
			);
			buildRules = (
			);
			dependencies = (
			);
			name = "Falcon Ride";
			packageProductDependencies = (
				A0FC6F472B096E6500E6085A /* FirebaseAnalytics */,
				A0FC6F492B096E6600E6085A /* FirebaseAnalyticsOnDeviceConversion */,
				A0FC6F4B2B096E6600E6085A /* FirebaseAnalyticsSwift */,
				A0FC6F4D2B096E6600E6085A /* FirebaseAnalyticsWithoutAdIdSupport */,
				A0FC6F4F2B096E6600E6085A /* FirebaseAppCheck */,
				A0FC6F522B098C6000E6085A /* FirebaseAppDistribution-Beta */,
				A0FC6F542B098C6000E6085A /* FirebaseAuth */,
				A0FC6F562B098C6000E6085A /* FirebaseAuthCombine-Community */,
				A0FC6F582B098C6100E6085A /* FirebaseCrashlytics */,
				A0FC6F5A2B098C6100E6085A /* FirebaseDatabase */,
				A0FC6F5C2B098C6100E6085A /* FirebaseDatabaseSwift */,
				A0FC6F5E2B098C6100E6085A /* FirebaseDynamicLinks */,
				A0FC6F602B098C6100E6085A /* FirebaseFirestore */,
				A0FC6F622B098C6100E6085A /* FirebaseFirestoreCombine-Community */,
				A0FC6F642B098C6100E6085A /* FirebaseFirestoreSwift */,
				A0FC6F662B098C6100E6085A /* FirebaseFunctions */,
				A0FC6F682B098C6100E6085A /* FirebaseFunctionsCombine-Community */,
				A0FC6F6A2B098C6100E6085A /* FirebaseInAppMessaging-Beta */,
				A0FC6F6C2B098C6100E6085A /* FirebaseInAppMessagingSwift-Beta */,
				A0FC6F6E2B098C6100E6085A /* FirebaseInstallations */,
				A0FC6F702B098C6100E6085A /* FirebaseMessaging */,
				A0FC6F722B098C6100E6085A /* FirebaseMLModelDownloader */,
				A0FC6F742B098C6100E6085A /* FirebasePerformance */,
				A0FC6F762B098C6100E6085A /* FirebaseRemoteConfig */,
				A0FC6F782B098C6100E6085A /* FirebaseRemoteConfigSwift */,
				A0FC6F7A2B098C6100E6085A /* FirebaseStorage */,
				A0FC6F7C2B098C6100E6085A /* FirebaseStorageCombine-Community */,
			);
			productName = "Falcon Ride";
			productReference = A0C2F09C2B0291B600685DE5 /* Falcon Ride.app */;
			productType = "com.apple.product-type.application";
		};
		A0C2F0AB2B0291BA00685DE5 /* Falcon RideTests */ = {
			isa = PBXNativeTarget;
			buildConfigurationList = A0C2F0C32B0291BA00685DE5 /* Build configuration list for PBXNativeTarget "Falcon RideTests" */;
			buildPhases = (
				A0C2F0A82B0291BA00685DE5 /* Sources */,
				A0C2F0A92B0291BA00685DE5 /* Frameworks */,
				A0C2F0AA2B0291BA00685DE5 /* Resources */,
			);
			buildRules = (
			);
			dependencies = (
				A0C2F0AE2B0291BA00685DE5 /* PBXTargetDependency */,
			);
			name = "Falcon RideTests";
			productName = "Falcon RideTests";
			productReference = A0C2F0AC2B0291BA00685DE5 /* Falcon RideTests.xctest */;
			productType = "com.apple.product-type.bundle.unit-test";
		};
		A0C2F0B52B0291BA00685DE5 /* Falcon RideUITests */ = {
			isa = PBXNativeTarget;
			buildConfigurationList = A0C2F0C62B0291BA00685DE5 /* Build configuration list for PBXNativeTarget "Falcon RideUITests" */;
			buildPhases = (
				A0C2F0B22B0291BA00685DE5 /* Sources */,
				A0C2F0B32B0291BA00685DE5 /* Frameworks */,
				A0C2F0B42B0291BA00685DE5 /* Resources */,
			);
			buildRules = (
			);
			dependencies = (
				A0C2F0B82B0291BA00685DE5 /* PBXTargetDependency */,
			);
			name = "Falcon RideUITests";
			productName = "Falcon RideUITests";
			productReference = A0C2F0B62B0291BA00685DE5 /* Falcon RideUITests.xctest */;
			productType = "com.apple.product-type.bundle.ui-testing";
		};
/* End PBXNativeTarget section */

/* Begin PBXProject section */
		A0C2F0942B0291B600685DE5 /* Project object */ = {
			isa = PBXProject;
			attributes = {
				BuildIndependentTargetsInParallel = 1;
				LastSwiftUpdateCheck = 1500;
				LastUpgradeCheck = 1500;
				TargetAttributes = {
					A0C2F09B2B0291B600685DE5 = {
						CreatedOnToolsVersion = 15.0.1;
					};
					A0C2F0AB2B0291BA00685DE5 = {
						CreatedOnToolsVersion = 15.0.1;
						TestTargetID = A0C2F09B2B0291B600685DE5;
					};
					A0C2F0B52B0291BA00685DE5 = {
						CreatedOnToolsVersion = 15.0.1;
						TestTargetID = A0C2F09B2B0291B600685DE5;
					};
				};
			};
			buildConfigurationList = A0C2F0972B0291B600685DE5 /* Build configuration list for PBXProject "Falcon Ride" */;
			compatibilityVersion = "Xcode 14.0";
			developmentRegion = en;
			hasScannedForEncodings = 0;
			knownRegions = (
				en,
				Base,
			);
			mainGroup = A0C2F0932B0291B600685DE5;
			packageReferences = (
				A0FC6F462B096E6500E6085A /* XCRemoteSwiftPackageReference "firebase-ios-sdk" */,
			);
			productRefGroup = A0C2F09D2B0291B600685DE5 /* Products */;
			projectDirPath = "";
			projectRoot = "";
			targets = (
				A0C2F09B2B0291B600685DE5 /* Falcon Ride */,
				A0C2F0AB2B0291BA00685DE5 /* Falcon RideTests */,
				A0C2F0B52B0291BA00685DE5 /* Falcon RideUITests */,
			);
		};
/* End PBXProject section */

/* Begin PBXResourcesBuildPhase section */
		A0C2F09A2B0291B600685DE5 /* Resources */ = {
			isa = PBXResourcesBuildPhase;
			buildActionMask = 2147483647;
			files = (
				A0C2F0A72B0291B900685DE5 /* Preview Assets.xcassets in Resources */,
				A0C2F0A42B0291B900685DE5 /* Assets.xcassets in Resources */,
				A0FC6F432B096C7400E6085A /* GoogleService-Info.plist in Resources */,
			);
			runOnlyForDeploymentPostprocessing = 0;
		};
		A0C2F0AA2B0291BA00685DE5 /* Resources */ = {
			isa = PBXResourcesBuildPhase;
			buildActionMask = 2147483647;
			files = (
				A0FC6F442B096C7400E6085A /* GoogleService-Info.plist in Resources */,
			);
			runOnlyForDeploymentPostprocessing = 0;
		};
		A0C2F0B42B0291BA00685DE5 /* Resources */ = {
			isa = PBXResourcesBuildPhase;
			buildActionMask = 2147483647;
			files = (
				A0FC6F452B096C7400E6085A /* GoogleService-Info.plist in Resources */,
			);
			runOnlyForDeploymentPostprocessing = 0;
		};
/* End PBXResourcesBuildPhase section */

/* Begin PBXSourcesBuildPhase section */
		A0C2F0982B0291B600685DE5 /* Sources */ = {
			isa = PBXSourcesBuildPhase;
			buildActionMask = 2147483647;
			files = (
				A06F21C92B1A479F00862C06 /* Login.swift in Sources */,
				A01D500B2B0499EB00535DF1 /* AddRequest.swift in Sources */,
				A0F0CF122B153224009B90F1 /* EditRequest.swift in Sources */,
				A0687AA02B07E44200A68BB8 /* SignUp.swift in Sources */,
				A0A7F84A2B102B73004CE458 /* EditReserve.swift in Sources */,
				A0687AA22B07FE7100A68BB8 /* Settings.swift in Sources */,
				A0C2F0A22B0291B700685DE5 /* ContentView.swift in Sources */,
				A075E6272B0A70DC0025E928 /* ParentView.swift in Sources */,
				A04D44482B06A10900B39A68 /* SplashView.swift in Sources */,
				A0A7F84D2B106255004CE458 /* Activity.swift in Sources */,
				A06F21CB2B1A47B800862C06 /* RideInfo.swift in Sources */,
				A01D50072B0496F400535DF1 /* MyProfile.swift in Sources */,
				A01D50052B0495B400535DF1 /* Request.swift in Sources */,
				A06F21CD2B1A4A3E00862C06 /* test.swift in Sources */,
				A01D50032B03E38700535DF1 /* Reserve.swift in Sources */,
				A075E6252B0A44130025E928 /* DataHandler.swift in Sources */,
				A0F0CF142B1539EC009B90F1 /* ActivityInfo.swift in Sources */,
				A01D500D2B049D2E00535DF1 /* OtherUserProfile.swift in Sources */,
				A0C2F0A02B0291B700685DE5 /* Falcon_RideApp.swift in Sources */,
				A01666582B05283700C73157 /* TabController.swift in Sources */,
				A01D50092B0499C700535DF1 /* Add.swift in Sources */,
			);
			runOnlyForDeploymentPostprocessing = 0;
		};
		A0C2F0A82B0291BA00685DE5 /* Sources */ = {
			isa = PBXSourcesBuildPhase;
			buildActionMask = 2147483647;
			files = (
				A0C2F0B12B0291BA00685DE5 /* Falcon_RideTests.swift in Sources */,
			);
			runOnlyForDeploymentPostprocessing = 0;
		};
		A0C2F0B22B0291BA00685DE5 /* Sources */ = {
			isa = PBXSourcesBuildPhase;
			buildActionMask = 2147483647;
			files = (
				A0C2F0BB2B0291BA00685DE5 /* Falcon_RideUITests.swift in Sources */,
				A0C2F0BD2B0291BA00685DE5 /* Falcon_RideUITestsLaunchTests.swift in Sources */,
			);
			runOnlyForDeploymentPostprocessing = 0;
		};
/* End PBXSourcesBuildPhase section */

/* Begin PBXTargetDependency section */
		A0C2F0AE2B0291BA00685DE5 /* PBXTargetDependency */ = {
			isa = PBXTargetDependency;
			target = A0C2F09B2B0291B600685DE5 /* Falcon Ride */;
			targetProxy = A0C2F0AD2B0291BA00685DE5 /* PBXContainerItemProxy */;
		};
		A0C2F0B82B0291BA00685DE5 /* PBXTargetDependency */ = {
			isa = PBXTargetDependency;
			target = A0C2F09B2B0291B600685DE5 /* Falcon Ride */;
			targetProxy = A0C2F0B72B0291BA00685DE5 /* PBXContainerItemProxy */;
		};
/* End PBXTargetDependency section */

/* Begin XCBuildConfiguration section */
		A0C2F0BE2B0291BA00685DE5 /* Debug */ = {
			isa = XCBuildConfiguration;
			buildSettings = {
				ALWAYS_SEARCH_USER_PATHS = NO;
				ASSETCATALOG_COMPILER_GENERATE_SWIFT_ASSET_SYMBOL_EXTENSIONS = YES;
				CLANG_ANALYZER_NONNULL = YES;
				CLANG_ANALYZER_NUMBER_OBJECT_CONVERSION = YES_AGGRESSIVE;
				CLANG_CXX_LANGUAGE_STANDARD = "gnu++20";
				CLANG_ENABLE_MODULES = YES;
				CLANG_ENABLE_OBJC_ARC = YES;
				CLANG_ENABLE_OBJC_WEAK = YES;
				CLANG_WARN_BLOCK_CAPTURE_AUTORELEASING = YES;
				CLANG_WARN_BOOL_CONVERSION = YES;
				CLANG_WARN_COMMA = YES;
				CLANG_WARN_CONSTANT_CONVERSION = YES;
				CLANG_WARN_DEPRECATED_OBJC_IMPLEMENTATIONS = YES;
				CLANG_WARN_DIRECT_OBJC_ISA_USAGE = YES_ERROR;
				CLANG_WARN_DOCUMENTATION_COMMENTS = YES;
				CLANG_WARN_EMPTY_BODY = YES;
				CLANG_WARN_ENUM_CONVERSION = YES;
				CLANG_WARN_INFINITE_RECURSION = YES;
				CLANG_WARN_INT_CONVERSION = YES;
				CLANG_WARN_NON_LITERAL_NULL_CONVERSION = YES;
				CLANG_WARN_OBJC_IMPLICIT_RETAIN_SELF = YES;
				CLANG_WARN_OBJC_LITERAL_CONVERSION = YES;
				CLANG_WARN_OBJC_ROOT_CLASS = YES_ERROR;
				CLANG_WARN_QUOTED_INCLUDE_IN_FRAMEWORK_HEADER = YES;
				CLANG_WARN_RANGE_LOOP_ANALYSIS = YES;
				CLANG_WARN_STRICT_PROTOTYPES = YES;
				CLANG_WARN_SUSPICIOUS_MOVE = YES;
				CLANG_WARN_UNGUARDED_AVAILABILITY = YES_AGGRESSIVE;
				CLANG_WARN_UNREACHABLE_CODE = YES;
				CLANG_WARN__DUPLICATE_METHOD_MATCH = YES;
				CODE_SIGN_IDENTITY = "Apple Distribution: Abdulmalik Ariyo (9YFR4MTQA7)";
				CODE_SIGN_STYLE = Automatic;
				COPY_PHASE_STRIP = NO;
				DEBUG_INFORMATION_FORMAT = dwarf;
				ENABLE_STRICT_OBJC_MSGSEND = YES;
				ENABLE_TESTABILITY = YES;
				ENABLE_USER_SCRIPT_SANDBOXING = YES;
				GCC_C_LANGUAGE_STANDARD = gnu17;
				GCC_DYNAMIC_NO_PIC = NO;
				GCC_NO_COMMON_BLOCKS = YES;
				GCC_OPTIMIZATION_LEVEL = 0;
				GCC_PREPROCESSOR_DEFINITIONS = (
					"DEBUG=1",
					"$(inherited)",
				);
				GCC_WARN_64_TO_32_BIT_CONVERSION = YES;
				GCC_WARN_ABOUT_RETURN_TYPE = YES_ERROR;
				GCC_WARN_UNDECLARED_SELECTOR = YES;
				GCC_WARN_UNINITIALIZED_AUTOS = YES_AGGRESSIVE;
				GCC_WARN_UNUSED_FUNCTION = YES;
				GCC_WARN_UNUSED_VARIABLE = YES;
				IPHONEOS_DEPLOYMENT_TARGET = 15.0;
				LOCALIZATION_PREFERS_STRING_CATALOGS = YES;
				MTL_ENABLE_DEBUG_INFO = INCLUDE_SOURCE;
				MTL_FAST_MATH = YES;
				ONLY_ACTIVE_ARCH = YES;
				SDKROOT = iphoneos;
				SWIFT_ACTIVE_COMPILATION_CONDITIONS = "DEBUG $(inherited)";
				SWIFT_OPTIMIZATION_LEVEL = "-Onone";
			};
			name = Debug;
		};
		A0C2F0BF2B0291BA00685DE5 /* Release */ = {
			isa = XCBuildConfiguration;
			buildSettings = {
				ALWAYS_SEARCH_USER_PATHS = NO;
				ASSETCATALOG_COMPILER_GENERATE_SWIFT_ASSET_SYMBOL_EXTENSIONS = YES;
				CLANG_ANALYZER_NONNULL = YES;
				CLANG_ANALYZER_NUMBER_OBJECT_CONVERSION = YES_AGGRESSIVE;
				CLANG_CXX_LANGUAGE_STANDARD = "gnu++20";
				CLANG_ENABLE_MODULES = YES;
				CLANG_ENABLE_OBJC_ARC = YES;
				CLANG_ENABLE_OBJC_WEAK = YES;
				CLANG_WARN_BLOCK_CAPTURE_AUTORELEASING = YES;
				CLANG_WARN_BOOL_CONVERSION = YES;
				CLANG_WARN_COMMA = YES;
				CLANG_WARN_CONSTANT_CONVERSION = YES;
				CLANG_WARN_DEPRECATED_OBJC_IMPLEMENTATIONS = YES;
				CLANG_WARN_DIRECT_OBJC_ISA_USAGE = YES_ERROR;
				CLANG_WARN_DOCUMENTATION_COMMENTS = YES;
				CLANG_WARN_EMPTY_BODY = YES;
				CLANG_WARN_ENUM_CONVERSION = YES;
				CLANG_WARN_INFINITE_RECURSION = YES;
				CLANG_WARN_INT_CONVERSION = YES;
				CLANG_WARN_NON_LITERAL_NULL_CONVERSION = YES;
				CLANG_WARN_OBJC_IMPLICIT_RETAIN_SELF = YES;
				CLANG_WARN_OBJC_LITERAL_CONVERSION = YES;
				CLANG_WARN_OBJC_ROOT_CLASS = YES_ERROR;
				CLANG_WARN_QUOTED_INCLUDE_IN_FRAMEWORK_HEADER = YES;
				CLANG_WARN_RANGE_LOOP_ANALYSIS = YES;
				CLANG_WARN_STRICT_PROTOTYPES = YES;
				CLANG_WARN_SUSPICIOUS_MOVE = YES;
				CLANG_WARN_UNGUARDED_AVAILABILITY = YES_AGGRESSIVE;
				CLANG_WARN_UNREACHABLE_CODE = YES;
				CLANG_WARN__DUPLICATE_METHOD_MATCH = YES;
				CODE_SIGN_IDENTITY = "Apple Distribution: Abdulmalik Ariyo (9YFR4MTQA7)";
				CODE_SIGN_STYLE = Automatic;
				COPY_PHASE_STRIP = NO;
				DEBUG_INFORMATION_FORMAT = "dwarf-with-dsym";
				ENABLE_NS_ASSERTIONS = NO;
				ENABLE_STRICT_OBJC_MSGSEND = YES;
				ENABLE_USER_SCRIPT_SANDBOXING = YES;
				GCC_C_LANGUAGE_STANDARD = gnu17;
				GCC_NO_COMMON_BLOCKS = YES;
				GCC_WARN_64_TO_32_BIT_CONVERSION = YES;
				GCC_WARN_ABOUT_RETURN_TYPE = YES_ERROR;
				GCC_WARN_UNDECLARED_SELECTOR = YES;
				GCC_WARN_UNINITIALIZED_AUTOS = YES_AGGRESSIVE;
				GCC_WARN_UNUSED_FUNCTION = YES;
				GCC_WARN_UNUSED_VARIABLE = YES;
				IPHONEOS_DEPLOYMENT_TARGET = 15.0;
				LOCALIZATION_PREFERS_STRING_CATALOGS = YES;
				MTL_ENABLE_DEBUG_INFO = NO;
				MTL_FAST_MATH = YES;
				SDKROOT = iphoneos;
				SWIFT_COMPILATION_MODE = wholemodule;
				VALIDATE_PRODUCT = YES;
			};
			name = Release;
		};
		A0C2F0C12B0291BA00685DE5 /* Debug */ = {
			isa = XCBuildConfiguration;
			buildSettings = {
				ASSETCATALOG_COMPILER_APPICON_NAME = AppIcon;
				ASSETCATALOG_COMPILER_GLOBAL_ACCENT_COLOR_NAME = AccentColor;
				CODE_SIGN_ENTITLEMENTS = "Falcon Ride/Falcon Ride.entitlements";
				CODE_SIGN_IDENTITY = "Apple Development";
				CODE_SIGN_STYLE = Automatic;
				CURRENT_PROJECT_VERSION = 2;
				DEVELOPMENT_ASSET_PATHS = "\"Falcon Ride/Preview Content\"";
				DEVELOPMENT_TEAM = 9YFR4MTQA7;
				ENABLE_PREVIEWS = YES;
				GENERATE_INFOPLIST_FILE = YES;
				INFOPLIST_KEY_LSApplicationCategoryType = "public.app-category.travel";
				INFOPLIST_KEY_UIApplicationSceneManifest_Generation = YES;
				INFOPLIST_KEY_UIApplicationSupportsIndirectInputEvents = YES;
				INFOPLIST_KEY_UILaunchScreen_Generation = YES;
				INFOPLIST_KEY_UIStatusBarStyle = "";
				INFOPLIST_KEY_UISupportedInterfaceOrientations = UIInterfaceOrientationPortrait;
				INFOPLIST_KEY_UISupportedInterfaceOrientations_iPad = "UIInterfaceOrientationLandscapeLeft UIInterfaceOrientationLandscapeRight UIInterfaceOrientationPortrait UIInterfaceOrientationPortraitUpsideDown";
				IPHONEOS_DEPLOYMENT_TARGET = 15.0;
				LD_RUNPATH_SEARCH_PATHS = (
					"$(inherited)",
					"@executable_path/Frameworks",
				);
				MARKETING_VERSION = 1.03;
				PRODUCT_BUNDLE_IDENTIFIER = "com.FalconRide.Falcon-Ride";
				PRODUCT_NAME = "$(TARGET_NAME)";
				PROVISIONING_PROFILE_SPECIFIER = "";
				SUPPORTED_PLATFORMS = "iphoneos iphonesimulator";
				SUPPORTS_MACCATALYST = NO;
				SUPPORTS_MAC_DESIGNED_FOR_IPHONE_IPAD = NO;
				SWIFT_EMIT_LOC_STRINGS = YES;
				SWIFT_VERSION = 5.0;
				TARGETED_DEVICE_FAMILY = 1;
			};
			name = Debug;
		};
		A0C2F0C22B0291BA00685DE5 /* Release */ = {
			isa = XCBuildConfiguration;
			buildSettings = {
				ASSETCATALOG_COMPILER_APPICON_NAME = AppIcon;
				ASSETCATALOG_COMPILER_GLOBAL_ACCENT_COLOR_NAME = AccentColor;
				CODE_SIGN_ENTITLEMENTS = "Falcon Ride/Falcon RideRelease.entitlements";
				CODE_SIGN_IDENTITY = "Apple Development";
				CODE_SIGN_STYLE = Automatic;
				CURRENT_PROJECT_VERSION = 2;
				DEVELOPMENT_ASSET_PATHS = "\"Falcon Ride/Preview Content\"";
				DEVELOPMENT_TEAM = 9YFR4MTQA7;
				ENABLE_PREVIEWS = YES;
				GENERATE_INFOPLIST_FILE = YES;
				INFOPLIST_KEY_LSApplicationCategoryType = "public.app-category.travel";
				INFOPLIST_KEY_UIApplicationSceneManifest_Generation = YES;
				INFOPLIST_KEY_UIApplicationSupportsIndirectInputEvents = YES;
				INFOPLIST_KEY_UILaunchScreen_Generation = YES;
				INFOPLIST_KEY_UIStatusBarStyle = "";
				INFOPLIST_KEY_UISupportedInterfaceOrientations = UIInterfaceOrientationPortrait;
				INFOPLIST_KEY_UISupportedInterfaceOrientations_iPad = "UIInterfaceOrientationLandscapeLeft UIInterfaceOrientationLandscapeRight UIInterfaceOrientationPortrait UIInterfaceOrientationPortraitUpsideDown";
				IPHONEOS_DEPLOYMENT_TARGET = 15.0;
				LD_RUNPATH_SEARCH_PATHS = (
					"$(inherited)",
					"@executable_path/Frameworks",
				);
				MARKETING_VERSION = 1.03;
				PRODUCT_BUNDLE_IDENTIFIER = "com.FalconRide.Falcon-Ride";
				PRODUCT_NAME = "$(TARGET_NAME)";
				PROVISIONING_PROFILE_SPECIFIER = "";
				SUPPORTED_PLATFORMS = "iphoneos iphonesimulator";
				SUPPORTS_MACCATALYST = NO;
				SUPPORTS_MAC_DESIGNED_FOR_IPHONE_IPAD = NO;
				SWIFT_EMIT_LOC_STRINGS = YES;
				SWIFT_VERSION = 5.0;
				TARGETED_DEVICE_FAMILY = 1;
			};
			name = Release;
		};
		A0C2F0C42B0291BA00685DE5 /* Debug */ = {
			isa = XCBuildConfiguration;
			buildSettings = {
				ALWAYS_EMBED_SWIFT_STANDARD_LIBRARIES = YES;
				BUNDLE_LOADER = "$(TEST_HOST)";
				"CODE_SIGN_IDENTITY[sdk=iphoneos*]" = "iPhone Developer";
				CODE_SIGN_STYLE = Automatic;
				CURRENT_PROJECT_VERSION = 1;
				DEVELOPMENT_TEAM = 9YFR4MTQA7;
				GENERATE_INFOPLIST_FILE = YES;
				IPHONEOS_DEPLOYMENT_TARGET = 17.0;
				MARKETING_VERSION = 1.0;
				PRODUCT_BUNDLE_IDENTIFIER = "com.FalconRide.Falcon-RideTests";
				PRODUCT_NAME = "$(TARGET_NAME)";
				SWIFT_EMIT_LOC_STRINGS = NO;
				SWIFT_VERSION = 5.0;
				TARGETED_DEVICE_FAMILY = "1,2";
				TEST_HOST = "$(BUILT_PRODUCTS_DIR)/Falcon Ride.app/$(BUNDLE_EXECUTABLE_FOLDER_PATH)/Falcon Ride";
			};
			name = Debug;
		};
		A0C2F0C52B0291BA00685DE5 /* Release */ = {
			isa = XCBuildConfiguration;
			buildSettings = {
				ALWAYS_EMBED_SWIFT_STANDARD_LIBRARIES = YES;
				BUNDLE_LOADER = "$(TEST_HOST)";
				"CODE_SIGN_IDENTITY[sdk=iphoneos*]" = "iPhone Developer";
				CODE_SIGN_STYLE = Automatic;
				CURRENT_PROJECT_VERSION = 1;
				DEVELOPMENT_TEAM = 9YFR4MTQA7;
				GENERATE_INFOPLIST_FILE = YES;
				IPHONEOS_DEPLOYMENT_TARGET = 17.0;
				MARKETING_VERSION = 1.0;
				PRODUCT_BUNDLE_IDENTIFIER = "com.FalconRide.Falcon-RideTests";
				PRODUCT_NAME = "$(TARGET_NAME)";
				SWIFT_EMIT_LOC_STRINGS = NO;
				SWIFT_VERSION = 5.0;
				TARGETED_DEVICE_FAMILY = "1,2";
				TEST_HOST = "$(BUILT_PRODUCTS_DIR)/Falcon Ride.app/$(BUNDLE_EXECUTABLE_FOLDER_PATH)/Falcon Ride";
			};
			name = Release;
		};
		A0C2F0C72B0291BA00685DE5 /* Debug */ = {
			isa = XCBuildConfiguration;
			buildSettings = {
				ALWAYS_EMBED_SWIFT_STANDARD_LIBRARIES = YES;
				CODE_SIGN_STYLE = Automatic;
				CURRENT_PROJECT_VERSION = 1;
				DEVELOPMENT_TEAM = 9YFR4MTQA7;
				GENERATE_INFOPLIST_FILE = YES;
				MARKETING_VERSION = 1.0;
				PRODUCT_BUNDLE_IDENTIFIER = "com.FalconRide.Falcon-RideUITests";
				PRODUCT_NAME = "$(TARGET_NAME)";
				SWIFT_EMIT_LOC_STRINGS = NO;
				SWIFT_VERSION = 5.0;
				TARGETED_DEVICE_FAMILY = "1,2";
				TEST_TARGET_NAME = "Falcon Ride";
			};
			name = Debug;
		};
		A0C2F0C82B0291BA00685DE5 /* Release */ = {
			isa = XCBuildConfiguration;
			buildSettings = {
				ALWAYS_EMBED_SWIFT_STANDARD_LIBRARIES = YES;
				CODE_SIGN_STYLE = Automatic;
				CURRENT_PROJECT_VERSION = 1;
				DEVELOPMENT_TEAM = 9YFR4MTQA7;
				GENERATE_INFOPLIST_FILE = YES;
				MARKETING_VERSION = 1.0;
				PRODUCT_BUNDLE_IDENTIFIER = "com.FalconRide.Falcon-RideUITests";
				PRODUCT_NAME = "$(TARGET_NAME)";
				SWIFT_EMIT_LOC_STRINGS = NO;
				SWIFT_VERSION = 5.0;
				TARGETED_DEVICE_FAMILY = "1,2";
				TEST_TARGET_NAME = "Falcon Ride";
			};
			name = Release;
		};
/* End XCBuildConfiguration section */

/* Begin XCConfigurationList section */
		A0C2F0972B0291B600685DE5 /* Build configuration list for PBXProject "Falcon Ride" */ = {
			isa = XCConfigurationList;
			buildConfigurations = (
				A0C2F0BE2B0291BA00685DE5 /* Debug */,
				A0C2F0BF2B0291BA00685DE5 /* Release */,
			);
			defaultConfigurationIsVisible = 0;
			defaultConfigurationName = Release;
		};
		A0C2F0C02B0291BA00685DE5 /* Build configuration list for PBXNativeTarget "Falcon Ride" */ = {
			isa = XCConfigurationList;
			buildConfigurations = (
				A0C2F0C12B0291BA00685DE5 /* Debug */,
				A0C2F0C22B0291BA00685DE5 /* Release */,
			);
			defaultConfigurationIsVisible = 0;
			defaultConfigurationName = Release;
		};
		A0C2F0C32B0291BA00685DE5 /* Build configuration list for PBXNativeTarget "Falcon RideTests" */ = {
			isa = XCConfigurationList;
			buildConfigurations = (
				A0C2F0C42B0291BA00685DE5 /* Debug */,
				A0C2F0C52B0291BA00685DE5 /* Release */,
			);
			defaultConfigurationIsVisible = 0;
			defaultConfigurationName = Release;
		};
		A0C2F0C62B0291BA00685DE5 /* Build configuration list for PBXNativeTarget "Falcon RideUITests" */ = {
			isa = XCConfigurationList;
			buildConfigurations = (
				A0C2F0C72B0291BA00685DE5 /* Debug */,
				A0C2F0C82B0291BA00685DE5 /* Release */,
			);
			defaultConfigurationIsVisible = 0;
			defaultConfigurationName = Release;
		};
/* End XCConfigurationList section */

/* Begin XCRemoteSwiftPackageReference section */
		A0FC6F462B096E6500E6085A /* XCRemoteSwiftPackageReference "firebase-ios-sdk" */ = {
			isa = XCRemoteSwiftPackageReference;
			repositoryURL = "https://github.com/firebase/firebase-ios-sdk";
			requirement = {
				kind = upToNextMajorVersion;
				minimumVersion = 10.18.0;
			};
		};
/* End XCRemoteSwiftPackageReference section */

/* Begin XCSwiftPackageProductDependency section */
		A0FC6F472B096E6500E6085A /* FirebaseAnalytics */ = {
			isa = XCSwiftPackageProductDependency;
			package = A0FC6F462B096E6500E6085A /* XCRemoteSwiftPackageReference "firebase-ios-sdk" */;
			productName = FirebaseAnalytics;
		};
		A0FC6F492B096E6600E6085A /* FirebaseAnalyticsOnDeviceConversion */ = {
			isa = XCSwiftPackageProductDependency;
			package = A0FC6F462B096E6500E6085A /* XCRemoteSwiftPackageReference "firebase-ios-sdk" */;
			productName = FirebaseAnalyticsOnDeviceConversion;
		};
		A0FC6F4B2B096E6600E6085A /* FirebaseAnalyticsSwift */ = {
			isa = XCSwiftPackageProductDependency;
			package = A0FC6F462B096E6500E6085A /* XCRemoteSwiftPackageReference "firebase-ios-sdk" */;
			productName = FirebaseAnalyticsSwift;
		};
		A0FC6F4D2B096E6600E6085A /* FirebaseAnalyticsWithoutAdIdSupport */ = {
			isa = XCSwiftPackageProductDependency;
			package = A0FC6F462B096E6500E6085A /* XCRemoteSwiftPackageReference "firebase-ios-sdk" */;
			productName = FirebaseAnalyticsWithoutAdIdSupport;
		};
		A0FC6F4F2B096E6600E6085A /* FirebaseAppCheck */ = {
			isa = XCSwiftPackageProductDependency;
			package = A0FC6F462B096E6500E6085A /* XCRemoteSwiftPackageReference "firebase-ios-sdk" */;
			productName = FirebaseAppCheck;
		};
		A0FC6F522B098C6000E6085A /* FirebaseAppDistribution-Beta */ = {
			isa = XCSwiftPackageProductDependency;
			package = A0FC6F462B096E6500E6085A /* XCRemoteSwiftPackageReference "firebase-ios-sdk" */;
			productName = "FirebaseAppDistribution-Beta";
		};
		A0FC6F542B098C6000E6085A /* FirebaseAuth */ = {
			isa = XCSwiftPackageProductDependency;
			package = A0FC6F462B096E6500E6085A /* XCRemoteSwiftPackageReference "firebase-ios-sdk" */;
			productName = FirebaseAuth;
		};
		A0FC6F562B098C6000E6085A /* FirebaseAuthCombine-Community */ = {
			isa = XCSwiftPackageProductDependency;
			package = A0FC6F462B096E6500E6085A /* XCRemoteSwiftPackageReference "firebase-ios-sdk" */;
			productName = "FirebaseAuthCombine-Community";
		};
		A0FC6F582B098C6100E6085A /* FirebaseCrashlytics */ = {
			isa = XCSwiftPackageProductDependency;
			package = A0FC6F462B096E6500E6085A /* XCRemoteSwiftPackageReference "firebase-ios-sdk" */;
			productName = FirebaseCrashlytics;
		};
		A0FC6F5A2B098C6100E6085A /* FirebaseDatabase */ = {
			isa = XCSwiftPackageProductDependency;
			package = A0FC6F462B096E6500E6085A /* XCRemoteSwiftPackageReference "firebase-ios-sdk" */;
			productName = FirebaseDatabase;
		};
		A0FC6F5C2B098C6100E6085A /* FirebaseDatabaseSwift */ = {
			isa = XCSwiftPackageProductDependency;
			package = A0FC6F462B096E6500E6085A /* XCRemoteSwiftPackageReference "firebase-ios-sdk" */;
			productName = FirebaseDatabaseSwift;
		};
		A0FC6F5E2B098C6100E6085A /* FirebaseDynamicLinks */ = {
			isa = XCSwiftPackageProductDependency;
			package = A0FC6F462B096E6500E6085A /* XCRemoteSwiftPackageReference "firebase-ios-sdk" */;
			productName = FirebaseDynamicLinks;
		};
		A0FC6F602B098C6100E6085A /* FirebaseFirestore */ = {
			isa = XCSwiftPackageProductDependency;
			package = A0FC6F462B096E6500E6085A /* XCRemoteSwiftPackageReference "firebase-ios-sdk" */;
			productName = FirebaseFirestore;
		};
		A0FC6F622B098C6100E6085A /* FirebaseFirestoreCombine-Community */ = {
			isa = XCSwiftPackageProductDependency;
			package = A0FC6F462B096E6500E6085A /* XCRemoteSwiftPackageReference "firebase-ios-sdk" */;
			productName = "FirebaseFirestoreCombine-Community";
		};
		A0FC6F642B098C6100E6085A /* FirebaseFirestoreSwift */ = {
			isa = XCSwiftPackageProductDependency;
			package = A0FC6F462B096E6500E6085A /* XCRemoteSwiftPackageReference "firebase-ios-sdk" */;
			productName = FirebaseFirestoreSwift;
		};
		A0FC6F662B098C6100E6085A /* FirebaseFunctions */ = {
			isa = XCSwiftPackageProductDependency;
			package = A0FC6F462B096E6500E6085A /* XCRemoteSwiftPackageReference "firebase-ios-sdk" */;
			productName = FirebaseFunctions;
		};
		A0FC6F682B098C6100E6085A /* FirebaseFunctionsCombine-Community */ = {
			isa = XCSwiftPackageProductDependency;
			package = A0FC6F462B096E6500E6085A /* XCRemoteSwiftPackageReference "firebase-ios-sdk" */;
			productName = "FirebaseFunctionsCombine-Community";
		};
		A0FC6F6A2B098C6100E6085A /* FirebaseInAppMessaging-Beta */ = {
			isa = XCSwiftPackageProductDependency;
			package = A0FC6F462B096E6500E6085A /* XCRemoteSwiftPackageReference "firebase-ios-sdk" */;
			productName = "FirebaseInAppMessaging-Beta";
		};
		A0FC6F6C2B098C6100E6085A /* FirebaseInAppMessagingSwift-Beta */ = {
			isa = XCSwiftPackageProductDependency;
			package = A0FC6F462B096E6500E6085A /* XCRemoteSwiftPackageReference "firebase-ios-sdk" */;
			productName = "FirebaseInAppMessagingSwift-Beta";
		};
		A0FC6F6E2B098C6100E6085A /* FirebaseInstallations */ = {
			isa = XCSwiftPackageProductDependency;
			package = A0FC6F462B096E6500E6085A /* XCRemoteSwiftPackageReference "firebase-ios-sdk" */;
			productName = FirebaseInstallations;
		};
		A0FC6F702B098C6100E6085A /* FirebaseMessaging */ = {
			isa = XCSwiftPackageProductDependency;
			package = A0FC6F462B096E6500E6085A /* XCRemoteSwiftPackageReference "firebase-ios-sdk" */;
			productName = FirebaseMessaging;
		};
		A0FC6F722B098C6100E6085A /* FirebaseMLModelDownloader */ = {
			isa = XCSwiftPackageProductDependency;
			package = A0FC6F462B096E6500E6085A /* XCRemoteSwiftPackageReference "firebase-ios-sdk" */;
			productName = FirebaseMLModelDownloader;
		};
		A0FC6F742B098C6100E6085A /* FirebasePerformance */ = {
			isa = XCSwiftPackageProductDependency;
			package = A0FC6F462B096E6500E6085A /* XCRemoteSwiftPackageReference "firebase-ios-sdk" */;
			productName = FirebasePerformance;
		};
		A0FC6F762B098C6100E6085A /* FirebaseRemoteConfig */ = {
			isa = XCSwiftPackageProductDependency;
			package = A0FC6F462B096E6500E6085A /* XCRemoteSwiftPackageReference "firebase-ios-sdk" */;
			productName = FirebaseRemoteConfig;
		};
		A0FC6F782B098C6100E6085A /* FirebaseRemoteConfigSwift */ = {
			isa = XCSwiftPackageProductDependency;
			package = A0FC6F462B096E6500E6085A /* XCRemoteSwiftPackageReference "firebase-ios-sdk" */;
			productName = FirebaseRemoteConfigSwift;
		};
		A0FC6F7A2B098C6100E6085A /* FirebaseStorage */ = {
			isa = XCSwiftPackageProductDependency;
			package = A0FC6F462B096E6500E6085A /* XCRemoteSwiftPackageReference "firebase-ios-sdk" */;
			productName = FirebaseStorage;
		};
		A0FC6F7C2B098C6100E6085A /* FirebaseStorageCombine-Community */ = {
			isa = XCSwiftPackageProductDependency;
			package = A0FC6F462B096E6500E6085A /* XCRemoteSwiftPackageReference "firebase-ios-sdk" */;
			productName = "FirebaseStorageCombine-Community";
		};
/* End XCSwiftPackageProductDependency section */
	};
	rootObject = A0C2F0942B0291B600685DE5 /* Project object */;
}
